
Microsoft Visual Studio Solution File, Format Version 12.00
# Visual Studio Version 16
VisualStudioVersion = 16.0.30204.135
MinimumVisualStudioVersion = 10.0.40219.1
Project("{F184B08F-C81C-45F6-A57F-5ABD9991F28F}") = "MainTestApp", "MainTestApp.vbproj", "{B78F0EE6-F9A3-4B7B-BB59-62E41EF59743}"
EndProject
Project("{2150E333-8FDC-42A3-9474-1A3956D46DE8}") = "Layouts", "Layouts", "{5C5C0322-DCAB-4005-8A1C-6A1D48E4F45A}"
EndProject
Project("{2150E333-8FDC-42A3-9474-1A3956D46DE8}") = "Environment Properties", "Environment Properties", "{26676A3B-360E-4895-89F3-59002C70BEF9}"
EndProject
Project("{2150E333-8FDC-42A3-9474-1A3956D46DE8}") = "Backend", "Backend", "{A139655F-0F72-4C13-B796-5C91A8B0DD87}"
EndProject
Project("{F184B08F-C81C-45F6-A57F-5ABD9991F28F}") = "environment", "..\..\Backend\Environment\environment\environment\environment.vbproj", "{82AD9932-5319-4CE8-A398-75B91133FEEC}"
EndProject
Project("{F184B08F-C81C-45F6-A57F-5ABD9991F28F}") = "settings", "..\..\Backend\Environment\Settings\settings\settings.vbproj", "{DD0029C3-11C2-4DC9-9ED6-EE49BD9EF999}"
EndProject
Project("{F184B08F-C81C-45F6-A57F-5ABD9991F28F}") = "environmentLoading", "..\..\Backend\Environment\environmentLoading\environmentLoading\environmentLoading.vbproj", "{C2FF0762-AA5D-4C42-8249-339EB1D2D5F0}"
EndProject
Project("{F184B08F-C81C-45F6-A57F-5ABD9991F28F}") = "startup", "..\..\Backend\Startup\startup.vbproj", "{DAD992F4-FFDE-4ECC-8FD5-1556FDE556BF}"
EndProject
Project("{F184B08F-C81C-45F6-A57F-5ABD9991F28F}") = "Menu Layout Vertical", "..\..\Backend\Layout\Menu Layout Vertical\Menu Layout Vertical\Menu Layout Vertical.vbproj", "{91D6B342-9CB0-4E6B-B3D9-9A84B1D7FFB7}"
EndProject
Project("{9A19103F-16F7-4668-BE54-9A1E7A4F7556}") = "EnvironmentAssembly", "..\..\..\..\Windows .NetCore\Platform\Backend\Environment\EnvironmentAssembly\EnvironmentAssembly\EnvironmentAssembly.csproj", "{FDF6D515-7EBF-4632-B8D7-F6D6218F7647}"
EndProject
Global
	GlobalSection(SolutionConfigurationPlatforms) = preSolution
		Debug|Any CPU = Debug|Any CPU
		Debug|x64 = Debug|x64
		Debug|x86 = Debug|x86
		Release|Any CPU = Release|Any CPU
		Release|x64 = Release|x64
		Release|x86 = Release|x86
	EndGlobalSection
	GlobalSection(ProjectConfigurationPlatforms) = postSolution
		{B78F0EE6-F9A3-4B7B-BB59-62E41EF59743}.Debug|Any CPU.ActiveCfg = Debug|Any CPU
		{B78F0EE6-F9A3-4B7B-BB59-62E41EF59743}.Debug|Any CPU.Build.0 = Debug|Any CPU
		{B78F0EE6-F9A3-4B7B-BB59-62E41EF59743}.Debug|x64.ActiveCfg = Debug|x64
		{B78F0EE6-F9A3-4B7B-BB59-62E41EF59743}.Debug|x64.Build.0 = Debug|x64
		{B78F0EE6-F9A3-4B7B-BB59-62E41EF59743}.Debug|x86.ActiveCfg = Debug|x86
		{B78F0EE6-F9A3-4B7B-BB59-62E41EF59743}.Debug|x86.Build.0 = Debug|x86
		{B78F0EE6-F9A3-4B7B-BB59-62E41EF59743}.Release|Any CPU.ActiveCfg = Release|Any CPU
		{B78F0EE6-F9A3-4B7B-BB59-62E41EF59743}.Release|Any CPU.Build.0 = Release|Any CPU
		{B78F0EE6-F9A3-4B7B-BB59-62E41EF59743}.Release|x64.ActiveCfg = Release|x64
		{B78F0EE6-F9A3-4B7B-BB59-62E41EF59743}.Release|x64.Build.0 = Release|x64
		{B78F0EE6-F9A3-4B7B-BB59-62E41EF59743}.Release|x86.ActiveCfg = Release|x86
		{B78F0EE6-F9A3-4B7B-BB59-62E41EF59743}.Release|x86.Build.0 = Release|x86
		{82AD9932-5319-4CE8-A398-75B91133FEEC}.Debug|Any CPU.ActiveCfg = Debug|Any CPU
		{82AD9932-5319-4CE8-A398-75B91133FEEC}.Debug|Any CPU.Build.0 = Debug|Any CPU
		{82AD9932-5319-4CE8-A398-75B91133FEEC}.Debug|x64.ActiveCfg = Debug|Any CPU
		{82AD9932-5319-4CE8-A398-75B91133FEEC}.Debug|x64.Build.0 = Debug|Any CPU
		{82AD9932-5319-4CE8-A398-75B91133FEEC}.Debug|x86.ActiveCfg = Debug|Any CPU
		{82AD9932-5319-4CE8-A398-75B91133FEEC}.Debug|x86.Build.0 = Debug|Any CPU
		{82AD9932-5319-4CE8-A398-75B91133FEEC}.Release|Any CPU.ActiveCfg = Release|Any CPU
		{82AD9932-5319-4CE8-A398-75B91133FEEC}.Release|Any CPU.Build.0 = Release|Any CPU
		{82AD9932-5319-4CE8-A398-75B91133FEEC}.Release|x64.ActiveCfg = Release|Any CPU
		{82AD9932-5319-4CE8-A398-75B91133FEEC}.Release|x64.Build.0 = Release|Any CPU
		{82AD9932-5319-4CE8-A398-75B91133FEEC}.Release|x86.ActiveCfg = Release|Any CPU
		{82AD9932-5319-4CE8-A398-75B91133FEEC}.Release|x86.Build.0 = Release|Any CPU
		{DD0029C3-11C2-4DC9-9ED6-EE49BD9EF999}.Debug|Any CPU.ActiveCfg = Debug|Any CPU
		{DD0029C3-11C2-4DC9-9ED6-EE49BD9EF999}.Debug|Any CPU.Build.0 = Debug|Any CPU
		{DD0029C3-11C2-4DC9-9ED6-EE49BD9EF999}.Debug|x64.ActiveCfg = Debug|Any CPU
		{DD0029C3-11C2-4DC9-9ED6-EE49BD9EF999}.Debug|x64.Build.0 = Debug|Any CPU
		{DD0029C3-11C2-4DC9-9ED6-EE49BD9EF999}.Debug|x86.ActiveCfg = Debug|Any CPU
		{DD0029C3-11C2-4DC9-9ED6-EE49BD9EF999}.Debug|x86.Build.0 = Debug|Any CPU
		{DD0029C3-11C2-4DC9-9ED6-EE49BD9EF999}.Release|Any CPU.ActiveCfg = Release|Any CPU
		{DD0029C3-11C2-4DC9-9ED6-EE49BD9EF999}.Release|Any CPU.Build.0 = Release|Any CPU
		{DD0029C3-11C2-4DC9-9ED6-EE49BD9EF999}.Release|x64.ActiveCfg = Release|Any CPU
		{DD0029C3-11C2-4DC9-9ED6-EE49BD9EF999}.Release|x64.Build.0 = Release|Any CPU
		{DD0029C3-11C2-4DC9-9ED6-EE49BD9EF999}.Release|x86.ActiveCfg = Release|Any CPU
		{DD0029C3-11C2-4DC9-9ED6-EE49BD9EF999}.Release|x86.Build.0 = Release|Any CPU
		{C2FF0762-AA5D-4C42-8249-339EB1D2D5F0}.Debug|Any CPU.ActiveCfg = Debug|Any CPU
		{C2FF0762-AA5D-4C42-8249-339EB1D2D5F0}.Debug|Any CPU.Build.0 = Debug|Any CPU
		{C2FF0762-AA5D-4C42-8249-339EB1D2D5F0}.Debug|x64.ActiveCfg = Debug|Any CPU
		{C2FF0762-AA5D-4C42-8249-339EB1D2D5F0}.Debug|x64.Build.0 = Debug|Any CPU
		{C2FF0762-AA5D-4C42-8249-339EB1D2D5F0}.Debug|x86.ActiveCfg = Debug|Any CPU
		{C2FF0762-AA5D-4C42-8249-339EB1D2D5F0}.Debug|x86.Build.0 = Debug|Any CPU
		{C2FF0762-AA5D-4C42-8249-339EB1D2D5F0}.Release|Any CPU.ActiveCfg = Release|Any CPU
		{C2FF0762-AA5D-4C42-8249-339EB1D2D5F0}.Release|Any CPU.Build.0 = Release|Any CPU
		{C2FF0762-AA5D-4C42-8249-339EB1D2D5F0}.Release|x64.ActiveCfg = Release|Any CPU
		{C2FF0762-AA5D-4C42-8249-339EB1D2D5F0}.Release|x64.Build.0 = Release|Any CPU
		{C2FF0762-AA5D-4C42-8249-339EB1D2D5F0}.Release|x86.ActiveCfg = Release|Any CPU
		{C2FF0762-AA5D-4C42-8249-339EB1D2D5F0}.Release|x86.Build.0 = Release|Any CPU
		{DAD992F4-FFDE-4ECC-8FD5-1556FDE556BF}.Debug|Any CPU.ActiveCfg = Debug|Any CPU
		{DAD992F4-FFDE-4ECC-8FD5-1556FDE556BF}.Debug|Any CPU.Build.0 = Debug|Any CPU
		{DAD992F4-FFDE-4ECC-8FD5-1556FDE556BF}.Debug|x64.ActiveCfg = Debug|Any CPU
		{DAD992F4-FFDE-4ECC-8FD5-1556FDE556BF}.Debug|x64.Build.0 = Debug|Any CPU
		{DAD992F4-FFDE-4ECC-8FD5-1556FDE556BF}.Debug|x86.ActiveCfg = Debug|Any CPU
		{DAD992F4-FFDE-4ECC-8FD5-1556FDE556BF}.Debug|x86.Build.0 = Debug|Any CPU
		{DAD992F4-FFDE-4ECC-8FD5-1556FDE556BF}.Release|Any CPU.ActiveCfg = Release|Any CPU
		{DAD992F4-FFDE-4ECC-8FD5-1556FDE556BF}.Release|Any CPU.Build.0 = Release|Any CPU
		{DAD992F4-FFDE-4ECC-8FD5-1556FDE556BF}.Release|x64.ActiveCfg = Release|Any CPU
		{DAD992F4-FFDE-4ECC-8FD5-1556FDE556BF}.Release|x64.Build.0 = Release|Any CPU
		{DAD992F4-FFDE-4ECC-8FD5-1556FDE556BF}.Release|x86.ActiveCfg = Release|Any CPU
		{DAD992F4-FFDE-4ECC-8FD5-1556FDE556BF}.Release|x86.Build.0 = Release|Any CPU
		{91D6B342-9CB0-4E6B-B3D9-9A84B1D7FFB7}.Debug|Any CPU.ActiveCfg = Debug|Any CPU
		{91D6B342-9CB0-4E6B-B3D9-9A84B1D7FFB7}.Debug|Any CPU.Build.0 = Debug|Any CPU
		{91D6B342-9CB0-4E6B-B3D9-9A84B1D7FFB7}.Debug|x64.ActiveCfg = Debug|Any CPU
		{91D6B342-9CB0-4E6B-B3D9-9A84B1D7FFB7}.Debug|x64.Build.0 = Debug|Any CPU
		{91D6B342-9CB0-4E6B-B3D9-9A84B1D7FFB7}.Debug|x86.ActiveCfg = Debug|Any CPU
		{91D6B342-9CB0-4E6B-B3D9-9A84B1D7FFB7}.Debug|x86.Build.0 = Debug|Any CPU
		{91D6B342-9CB0-4E6B-B3D9-9A84B1D7FFB7}.Release|Any CPU.ActiveCfg = Release|Any CPU
		{91D6B342-9CB0-4E6B-B3D9-9A84B1D7FFB7}.Release|Any CPU.Build.0 = Release|Any CPU
		{91D6B342-9CB0-4E6B-B3D9-9A84B1D7FFB7}.Release|x64.ActiveCfg = Release|Any CPU
		{91D6B342-9CB0-4E6B-B3D9-9A84B1D7FFB7}.Release|x64.Build.0 = Release|Any CPU
		{91D6B342-9CB0-4E6B-B3D9-9A84B1D7FFB7}.Release|x86.ActiveCfg = Release|Any CPU
		{91D6B342-9CB0-4E6B-B3D9-9A84B1D7FFB7}.Release|x86.Build.0 = Release|Any CPU
		{FDF6D515-7EBF-4632-B8D7-F6D6218F7647}.Debug|Any CPU.ActiveCfg = Debug|Any CPU
		{FDF6D515-7EBF-4632-B8D7-F6D6218F7647}.Debug|Any CPU.Build.0 = Debug|Any CPU
		{FDF6D515-7EBF-4632-B8D7-F6D6218F7647}.Debug|x64.ActiveCfg = Debug|Any CPU
		{FDF6D515-7EBF-4632-B8D7-F6D6218F7647}.Debug|x64.Build.0 = Debug|Any CPU
		{FDF6D515-7EBF-4632-B8D7-F6D6218F7647}.Debug|x86.ActiveCfg = Debug|Any CPU
		{FDF6D515-7EBF-4632-B8D7-F6D6218F7647}.Debug|x86.Build.0 = Debug|Any CPU
		{FDF6D515-7EBF-4632-B8D7-F6D6218F7647}.Release|Any CPU.ActiveCfg = Release|Any CPU
		{FDF6D515-7EBF-4632-B8D7-F6D6218F7647}.Release|Any CPU.Build.0 = Release|Any CPU
		{FDF6D515-7EBF-4632-B8D7-F6D6218F7647}.Release|x64.ActiveCfg = Release|Any CPU
		{FDF6D515-7EBF-4632-B8D7-F6D6218F7647}.Release|x64.Build.0 = Release|Any CPU
		{FDF6D515-7EBF-4632-B8D7-F6D6218F7647}.Release|x86.ActiveCfg = Release|Any CPU
		{FDF6D515-7EBF-4632-B8D7-F6D6218F7647}.Release|x86.Build.0 = Release|Any CPU
	EndGlobalSection
	GlobalSection(SolutionProperties) = preSolution
		HideSolutionNode = FALSE
	EndGlobalSection
	GlobalSection(NestedProjects) = preSolution
		{82AD9932-5319-4CE8-A398-75B91133FEEC} = {26676A3B-360E-4895-89F3-59002C70BEF9}
		{DD0029C3-11C2-4DC9-9ED6-EE49BD9EF999} = {26676A3B-360E-4895-89F3-59002C70BEF9}
		{C2FF0762-AA5D-4C42-8249-339EB1D2D5F0} = {26676A3B-360E-4895-89F3-59002C70BEF9}
		{DAD992F4-FFDE-4ECC-8FD5-1556FDE556BF} = {A139655F-0F72-4C13-B796-5C91A8B0DD87}
		{91D6B342-9CB0-4E6B-B3D9-9A84B1D7FFB7} = {5C5C0322-DCAB-4005-8A1C-6A1D48E4F45A}
		{FDF6D515-7EBF-4632-B8D7-F6D6218F7647} = {26676A3B-360E-4895-89F3-59002C70BEF9}
	EndGlobalSection
	GlobalSection(ExtensibilityGlobals) = postSolution
		SolutionGuid = {ECF14994-4EE2-4629-9C56-3EE94261AD31}
	EndGlobalSection
EndGlobal
