
Microsoft Visual Studio Solution File, Format Version 12.00
# Visual Studio Version 16
VisualStudioVersion = 16.0.30204.135
MinimumVisualStudioVersion = 10.0.40219.1
Project("{F184B08F-C81C-45F6-A57F-5ABD9991F28F}") = "AeonLabs .NET Platform", "AeonLabs .NET Platform\AeonLabs .NET Platform.vbproj", "{C24F62FC-5059-408B-84CD-4EA962597534}"
EndProject
Project("{F184B08F-C81C-45F6-A57F-5ABD9991F28F}") = "web translation", "..\AddOns\Google Translation\web translation.vbproj", "{B13CE5AB-E69C-4B90-983C-E8C3587B66BA}"
EndProject
Project("{2150E333-8FDC-42A3-9474-1A3956D46DE8}") = "AddOns", "AddOns", "{E9BD2438-7C4F-4C5F-A34C-7401B0D7B8AA}"
EndProject
Project("{2150E333-8FDC-42A3-9474-1A3956D46DE8}") = "Backend", "Backend", "{2968922B-9F2E-46FF-93B2-FC6B55B54FA8}"
EndProject
Project("{2150E333-8FDC-42A3-9474-1A3956D46DE8}") = "Connectivity", "Connectivity", "{2146FB2B-BFEC-451D-BF9E-57718F89690B}"
EndProject
Project("{2150E333-8FDC-42A3-9474-1A3956D46DE8}") = "Functionalities", "Functionalities", "{669E98E1-6C5D-4D7E-8145-F4014E665B25}"
EndProject
Project("{2150E333-8FDC-42A3-9474-1A3956D46DE8}") = "GUI", "GUI", "{ABC30087-B375-478C-AEAE-36BAD4D0B4C2}"
EndProject
Project("{2150E333-8FDC-42A3-9474-1A3956D46DE8}") = "Layouts", "Layouts", "{69AF7898-5F6A-454C-80BC-866035AC7452}"
EndProject
Project("{2150E333-8FDC-42A3-9474-1A3956D46DE8}") = "PlugIns", "PlugIns", "{B03FD493-3F09-4696-9966-EEC4420CA985}"
EndProject
Project("{F184B08F-C81C-45F6-A57F-5ABD9991F28F}") = "Meteo", "..\AddOns\Meteo\Meteo.vbproj", "{C90CD5DF-4E2E-4CF6-8206-CCF0E831AB77}"
EndProject
Project("{2150E333-8FDC-42A3-9474-1A3956D46DE8}") = "Contactless SmartCards", "Contactless SmartCards", "{6D6A4B0A-6706-4A79-A831-40F7737B8094}"
EndProject
Project("{F184B08F-C81C-45F6-A57F-5ABD9991F28F}") = "Contactless SmartCards GUI", "..\Connectivity\RFID NFC\Contactless SmartCards GUI\Contactless SmartCards GUI.vbproj", "{00D1229D-CA73-49A6-AA12-7382D2242E85}"
EndProject
Project("{F184B08F-C81C-45F6-A57F-5ABD9991F28F}") = "Contactless SmartCards Interface", "..\Connectivity\RFID NFC\Contactless SmartCards Interface\Contactless SmartCards Interface\Contactless SmartCards Interface.vbproj", "{62294128-C7FA-44F1-B771-AD6280328AC0}"
EndProject
Project("{F184B08F-C81C-45F6-A57F-5ABD9991F28F}") = "contactless.smartcards.library", "..\Connectivity\RFID NFC\contactless.smartcards\contactless.smartcards.library.vbproj", "{46318B4A-F3FD-4433-A641-23CB0ED3EF5F}"
EndProject
Project("{F184B08F-C81C-45F6-A57F-5ABD9991F28F}") = "layoutManager", "..\Functionalities\layoutManager\layoutManager\layoutManager.vbproj", "{32B4C2F1-ED2A-4DBC-9D3E-EBB6724C2E63}"
EndProject
Project("{F184B08F-C81C-45F6-A57F-5ABD9991F28F}") = "loading intro", "..\Functionalities\loading\loading\loading intro.vbproj", "{58529C40-9665-4AD7-AD1A-70BD2C3E8C45}"
EndProject
Project("{F184B08F-C81C-45F6-A57F-5ABD9991F28F}") = "AlphaGradientPanel", "..\GUI\AlphaGradientPanel\AlphaGradientPanel.vbproj", "{A65D2F89-5203-411B-8111-CD0B17B8A642}"
EndProject
Project("{F184B08F-C81C-45F6-A57F-5ABD9991F28F}") = "CircularProgressBar", "..\GUI\CircularProgressBarDll\CircularProgressBar.vbproj", "{2E1C00B6-338D-4C3A-BFF5-67080FD0E9B8}"
EndProject
Project("{F184B08F-C81C-45F6-A57F-5ABD9991F28F}") = "Custom Controls", "..\GUI\Custom Controls\Custom Controls.vbproj", "{139894E5-2335-4583-B449-DC1D2A94937A}"
EndProject
Project("{F184B08F-C81C-45F6-A57F-5ABD9991F28F}") = "MessageBox", "..\GUI\MessageBox\MessageBox.vbproj", "{19A34A5B-0354-408D-AF53-6B852BB0AB25}"
EndProject
Project("{2150E333-8FDC-42A3-9474-1A3956D46DE8}") = "MainApp", "MainApp", "{84D7EE7D-3FCF-4590-BA8D-2BEB1E4A28D3}"
EndProject
Project("{2150E333-8FDC-42A3-9474-1A3956D46DE8}") = "SplashScreen", "SplashScreen", "{640DC87C-71F7-4C72-BEB9-8477E9024EC1}"
EndProject
Project("{F184B08F-C81C-45F6-A57F-5ABD9991F28F}") = "medieval Layout StartUp", "..\Layouts\startUp\medieval\medieval Layout StartUp.vbproj", "{7852C39B-137B-48E2-B064-8B6612323383}"
EndProject
Project("{F184B08F-C81C-45F6-A57F-5ABD9991F28F}") = "Setup Wizard", "..\PlugIns\Setup Wizard\Setup Wizard.vbproj", "{49DDB828-AEA1-45CF-B39B-44E49C919A5F}"
EndProject
Project("{2150E333-8FDC-42A3-9474-1A3956D46DE8}") = "Setup Wizards", "Setup Wizards", "{1CE30920-34F3-40DA-A0A1-E51A34C9C2FD}"
EndProject
Project("{F184B08F-C81C-45F6-A57F-5ABD9991F28F}") = "Basic libraries", "..\Backend\Basic libraries\Basic libraries\Basic libraries.vbproj", "{6710610A-9C1C-48A4-A83E-66FA467942B1}"
EndProject
Project("{F184B08F-C81C-45F6-A57F-5ABD9991F28F}") = "Crash and Diagnostics Data", "..\Backend\Crash and Diagnostics Data\Crash and Diagnostics Data\Crash and Diagnostics Data.vbproj", "{CC4A69D4-41EA-4117-AF2A-93C8F9478A0D}"
EndProject
Project("{2150E333-8FDC-42A3-9474-1A3956D46DE8}") = "Enviroment", "Enviroment", "{31AE0256-EEAA-4296-9BDE-C3B854518AA5}"
EndProject
Project("{F184B08F-C81C-45F6-A57F-5ABD9991F28F}") = "environment", "..\Backend\Environment\environment\environment\environment.vbproj", "{82AD9932-5319-4CE8-A398-75B91133FEEC}"
EndProject
Project("{F184B08F-C81C-45F6-A57F-5ABD9991F28F}") = "assemblyEnvironment", "..\Backend\Environment\EnvironmentAssembly\assemblyEnvironment\assemblyEnvironment.vbproj", "{DB6F9048-2A83-4BC3-B29E-36F185E2F4C8}"
EndProject
Project("{F184B08F-C81C-45F6-A57F-5ABD9991F28F}") = "environmentCustom", "..\Backend\Environment\environmentCustom\environmentCustom\environmentCustom.vbproj", "{5D891E24-279F-4977-872E-943267D40C69}"
EndProject
Project("{F184B08F-C81C-45F6-A57F-5ABD9991F28F}") = "environmentLoading", "..\Backend\Environment\environmentLoading\environmentLoading\environmentLoading.vbproj", "{C2FF0762-AA5D-4C42-8249-339EB1D2D5F0}"
EndProject
Project("{F184B08F-C81C-45F6-A57F-5ABD9991F28F}") = "settings", "..\Backend\Environment\Settings\settings\settings.vbproj", "{DD0029C3-11C2-4DC9-9ED6-EE49BD9EF999}"
EndProject
Project("{F184B08F-C81C-45F6-A57F-5ABD9991F28F}") = "Export Data Libraries", "..\Backend\Export Data Libraries\Export Data Libraries.vbproj", "{B0536720-641B-4CEC-800A-2708F61DD76D}"
EndProject
Project("{F184B08F-C81C-45F6-A57F-5ABD9991F28F}") = "tasksManager", "..\Backend\Management Coding Tasks\tasksManager.vbproj", "{A65BDECA-8F8C-43AF-812B-B0753E22C93F}"
EndProject
Project("{F184B08F-C81C-45F6-A57F-5ABD9991F28F}") = "network", "..\Backend\Network\network\network.vbproj", "{27EE122C-A84C-408A-B8E4-F42586B13124}"
EndProject
Project("{F184B08F-C81C-45F6-A57F-5ABD9991F28F}") = "Quote of the Day", "..\Backend\PlugIns\Quote of the Day\Quote of the Day\Quote of the Day.vbproj", "{2644F017-4B9D-474C-87A4-BE6B5C41D382}"
EndProject
Project("{2150E333-8FDC-42A3-9474-1A3956D46DE8}") = "PlugIns", "PlugIns", "{0B2014B9-3841-4344-BC56-9ECE8D24DBDC}"
EndProject
Project("{F184B08F-C81C-45F6-A57F-5ABD9991F28F}") = "security", "..\Backend\Security\security\security.vbproj", "{4D13834B-A75B-4737-BC37-F520D12A69D0}"
EndProject
Project("{F184B08F-C81C-45F6-A57F-5ABD9991F28F}") = "startup", "..\Backend\Startup\startup.vbproj", "{DAD992F4-FFDE-4ECC-8FD5-1556FDE556BF}"
EndProject
Project("{F184B08F-C81C-45F6-A57F-5ABD9991F28F}") = "LTBM Layout", "..\Layouts\Main\LTBM\LTBM Layout.vbproj", "{1413D8AB-9254-4E42-8F73-319FA58C7742}"
EndProject
Project("{F184B08F-C81C-45F6-A57F-5ABD9991F28F}") = "MainTestApp", "..\AppsMain\MainTestApp\MainTestApp.vbproj", "{B78F0EE6-F9A3-4B7B-BB59-62E41EF59743}"
EndProject
Global
	GlobalSection(SolutionConfigurationPlatforms) = preSolution
		Debug|Any CPU = Debug|Any CPU
		Debug|x64 = Debug|x64
		Debug|x86 = Debug|x86
		Release|Any CPU = Release|Any CPU
		Release|x64 = Release|x64
		Release|x86 = Release|x86
	EndGlobalSection
	GlobalSection(ProjectConfigurationPlatforms) = postSolution
		{C24F62FC-5059-408B-84CD-4EA962597534}.Debug|Any CPU.ActiveCfg = Debug|Any CPU
		{C24F62FC-5059-408B-84CD-4EA962597534}.Debug|Any CPU.Build.0 = Debug|Any CPU
		{C24F62FC-5059-408B-84CD-4EA962597534}.Debug|x64.ActiveCfg = Debug|Any CPU
		{C24F62FC-5059-408B-84CD-4EA962597534}.Debug|x64.Build.0 = Debug|Any CPU
		{C24F62FC-5059-408B-84CD-4EA962597534}.Debug|x86.ActiveCfg = Debug|Any CPU
		{C24F62FC-5059-408B-84CD-4EA962597534}.Debug|x86.Build.0 = Debug|Any CPU
		{C24F62FC-5059-408B-84CD-4EA962597534}.Release|Any CPU.ActiveCfg = Release|Any CPU
		{C24F62FC-5059-408B-84CD-4EA962597534}.Release|Any CPU.Build.0 = Release|Any CPU
		{C24F62FC-5059-408B-84CD-4EA962597534}.Release|x64.ActiveCfg = Release|Any CPU
		{C24F62FC-5059-408B-84CD-4EA962597534}.Release|x64.Build.0 = Release|Any CPU
		{C24F62FC-5059-408B-84CD-4EA962597534}.Release|x86.ActiveCfg = Release|Any CPU
		{C24F62FC-5059-408B-84CD-4EA962597534}.Release|x86.Build.0 = Release|Any CPU
		{B13CE5AB-E69C-4B90-983C-E8C3587B66BA}.Debug|Any CPU.ActiveCfg = Debug|Any CPU
		{B13CE5AB-E69C-4B90-983C-E8C3587B66BA}.Debug|Any CPU.Build.0 = Debug|Any CPU
		{B13CE5AB-E69C-4B90-983C-E8C3587B66BA}.Debug|x64.ActiveCfg = Debug|x64
		{B13CE5AB-E69C-4B90-983C-E8C3587B66BA}.Debug|x64.Build.0 = Debug|x64
		{B13CE5AB-E69C-4B90-983C-E8C3587B66BA}.Debug|x86.ActiveCfg = Debug|x86
		{B13CE5AB-E69C-4B90-983C-E8C3587B66BA}.Debug|x86.Build.0 = Debug|x86
		{B13CE5AB-E69C-4B90-983C-E8C3587B66BA}.Release|Any CPU.ActiveCfg = Release|Any CPU
		{B13CE5AB-E69C-4B90-983C-E8C3587B66BA}.Release|Any CPU.Build.0 = Release|Any CPU
		{B13CE5AB-E69C-4B90-983C-E8C3587B66BA}.Release|x64.ActiveCfg = Release|x64
		{B13CE5AB-E69C-4B90-983C-E8C3587B66BA}.Release|x64.Build.0 = Release|x64
		{B13CE5AB-E69C-4B90-983C-E8C3587B66BA}.Release|x86.ActiveCfg = Release|x86
		{B13CE5AB-E69C-4B90-983C-E8C3587B66BA}.Release|x86.Build.0 = Release|x86
		{C90CD5DF-4E2E-4CF6-8206-CCF0E831AB77}.Debug|Any CPU.ActiveCfg = Debug|Any CPU
		{C90CD5DF-4E2E-4CF6-8206-CCF0E831AB77}.Debug|Any CPU.Build.0 = Debug|Any CPU
		{C90CD5DF-4E2E-4CF6-8206-CCF0E831AB77}.Debug|x64.ActiveCfg = Debug|x64
		{C90CD5DF-4E2E-4CF6-8206-CCF0E831AB77}.Debug|x64.Build.0 = Debug|x64
		{C90CD5DF-4E2E-4CF6-8206-CCF0E831AB77}.Debug|x86.ActiveCfg = Debug|x86
		{C90CD5DF-4E2E-4CF6-8206-CCF0E831AB77}.Debug|x86.Build.0 = Debug|x86
		{C90CD5DF-4E2E-4CF6-8206-CCF0E831AB77}.Release|Any CPU.ActiveCfg = Release|Any CPU
		{C90CD5DF-4E2E-4CF6-8206-CCF0E831AB77}.Release|Any CPU.Build.0 = Release|Any CPU
		{C90CD5DF-4E2E-4CF6-8206-CCF0E831AB77}.Release|x64.ActiveCfg = Release|x64
		{C90CD5DF-4E2E-4CF6-8206-CCF0E831AB77}.Release|x64.Build.0 = Release|x64
		{C90CD5DF-4E2E-4CF6-8206-CCF0E831AB77}.Release|x86.ActiveCfg = Release|x86
		{C90CD5DF-4E2E-4CF6-8206-CCF0E831AB77}.Release|x86.Build.0 = Release|x86
		{00D1229D-CA73-49A6-AA12-7382D2242E85}.Debug|Any CPU.ActiveCfg = Debug|Any CPU
		{00D1229D-CA73-49A6-AA12-7382D2242E85}.Debug|Any CPU.Build.0 = Debug|Any CPU
		{00D1229D-CA73-49A6-AA12-7382D2242E85}.Debug|x64.ActiveCfg = Debug|x64
		{00D1229D-CA73-49A6-AA12-7382D2242E85}.Debug|x64.Build.0 = Debug|x64
		{00D1229D-CA73-49A6-AA12-7382D2242E85}.Debug|x86.ActiveCfg = Debug|x86
		{00D1229D-CA73-49A6-AA12-7382D2242E85}.Debug|x86.Build.0 = Debug|x86
		{00D1229D-CA73-49A6-AA12-7382D2242E85}.Release|Any CPU.ActiveCfg = Release|Any CPU
		{00D1229D-CA73-49A6-AA12-7382D2242E85}.Release|Any CPU.Build.0 = Release|Any CPU
		{00D1229D-CA73-49A6-AA12-7382D2242E85}.Release|x64.ActiveCfg = Release|x64
		{00D1229D-CA73-49A6-AA12-7382D2242E85}.Release|x64.Build.0 = Release|x64
		{00D1229D-CA73-49A6-AA12-7382D2242E85}.Release|x86.ActiveCfg = Release|x86
		{00D1229D-CA73-49A6-AA12-7382D2242E85}.Release|x86.Build.0 = Release|x86
		{62294128-C7FA-44F1-B771-AD6280328AC0}.Debug|Any CPU.ActiveCfg = Debug|Any CPU
		{62294128-C7FA-44F1-B771-AD6280328AC0}.Debug|Any CPU.Build.0 = Debug|Any CPU
		{62294128-C7FA-44F1-B771-AD6280328AC0}.Debug|x64.ActiveCfg = Debug|Any CPU
		{62294128-C7FA-44F1-B771-AD6280328AC0}.Debug|x64.Build.0 = Debug|Any CPU
		{62294128-C7FA-44F1-B771-AD6280328AC0}.Debug|x86.ActiveCfg = Debug|Any CPU
		{62294128-C7FA-44F1-B771-AD6280328AC0}.Debug|x86.Build.0 = Debug|Any CPU
		{62294128-C7FA-44F1-B771-AD6280328AC0}.Release|Any CPU.ActiveCfg = Release|Any CPU
		{62294128-C7FA-44F1-B771-AD6280328AC0}.Release|Any CPU.Build.0 = Release|Any CPU
		{62294128-C7FA-44F1-B771-AD6280328AC0}.Release|x64.ActiveCfg = Release|Any CPU
		{62294128-C7FA-44F1-B771-AD6280328AC0}.Release|x64.Build.0 = Release|Any CPU
		{62294128-C7FA-44F1-B771-AD6280328AC0}.Release|x86.ActiveCfg = Release|Any CPU
		{62294128-C7FA-44F1-B771-AD6280328AC0}.Release|x86.Build.0 = Release|Any CPU
		{46318B4A-F3FD-4433-A641-23CB0ED3EF5F}.Debug|Any CPU.ActiveCfg = Debug|Any CPU
		{46318B4A-F3FD-4433-A641-23CB0ED3EF5F}.Debug|Any CPU.Build.0 = Debug|Any CPU
		{46318B4A-F3FD-4433-A641-23CB0ED3EF5F}.Debug|x64.ActiveCfg = Debug|x64
		{46318B4A-F3FD-4433-A641-23CB0ED3EF5F}.Debug|x64.Build.0 = Debug|x64
		{46318B4A-F3FD-4433-A641-23CB0ED3EF5F}.Debug|x86.ActiveCfg = Debug|x86
		{46318B4A-F3FD-4433-A641-23CB0ED3EF5F}.Debug|x86.Build.0 = Debug|x86
		{46318B4A-F3FD-4433-A641-23CB0ED3EF5F}.Release|Any CPU.ActiveCfg = Release|Any CPU
		{46318B4A-F3FD-4433-A641-23CB0ED3EF5F}.Release|Any CPU.Build.0 = Release|Any CPU
		{46318B4A-F3FD-4433-A641-23CB0ED3EF5F}.Release|x64.ActiveCfg = Release|x64
		{46318B4A-F3FD-4433-A641-23CB0ED3EF5F}.Release|x64.Build.0 = Release|x64
		{46318B4A-F3FD-4433-A641-23CB0ED3EF5F}.Release|x86.ActiveCfg = Release|x86
		{46318B4A-F3FD-4433-A641-23CB0ED3EF5F}.Release|x86.Build.0 = Release|x86
		{32B4C2F1-ED2A-4DBC-9D3E-EBB6724C2E63}.Debug|Any CPU.ActiveCfg = Debug|Any CPU
		{32B4C2F1-ED2A-4DBC-9D3E-EBB6724C2E63}.Debug|Any CPU.Build.0 = Debug|Any CPU
		{32B4C2F1-ED2A-4DBC-9D3E-EBB6724C2E63}.Debug|x64.ActiveCfg = Debug|Any CPU
		{32B4C2F1-ED2A-4DBC-9D3E-EBB6724C2E63}.Debug|x64.Build.0 = Debug|Any CPU
		{32B4C2F1-ED2A-4DBC-9D3E-EBB6724C2E63}.Debug|x86.ActiveCfg = Debug|Any CPU
		{32B4C2F1-ED2A-4DBC-9D3E-EBB6724C2E63}.Debug|x86.Build.0 = Debug|Any CPU
		{32B4C2F1-ED2A-4DBC-9D3E-EBB6724C2E63}.Release|Any CPU.ActiveCfg = Release|Any CPU
		{32B4C2F1-ED2A-4DBC-9D3E-EBB6724C2E63}.Release|Any CPU.Build.0 = Release|Any CPU
		{32B4C2F1-ED2A-4DBC-9D3E-EBB6724C2E63}.Release|x64.ActiveCfg = Release|Any CPU
		{32B4C2F1-ED2A-4DBC-9D3E-EBB6724C2E63}.Release|x64.Build.0 = Release|Any CPU
		{32B4C2F1-ED2A-4DBC-9D3E-EBB6724C2E63}.Release|x86.ActiveCfg = Release|Any CPU
		{32B4C2F1-ED2A-4DBC-9D3E-EBB6724C2E63}.Release|x86.Build.0 = Release|Any CPU
		{58529C40-9665-4AD7-AD1A-70BD2C3E8C45}.Debug|Any CPU.ActiveCfg = Debug|Any CPU
		{58529C40-9665-4AD7-AD1A-70BD2C3E8C45}.Debug|Any CPU.Build.0 = Debug|Any CPU
		{58529C40-9665-4AD7-AD1A-70BD2C3E8C45}.Debug|x64.ActiveCfg = Debug|Any CPU
		{58529C40-9665-4AD7-AD1A-70BD2C3E8C45}.Debug|x64.Build.0 = Debug|Any CPU
		{58529C40-9665-4AD7-AD1A-70BD2C3E8C45}.Debug|x86.ActiveCfg = Debug|Any CPU
		{58529C40-9665-4AD7-AD1A-70BD2C3E8C45}.Debug|x86.Build.0 = Debug|Any CPU
		{58529C40-9665-4AD7-AD1A-70BD2C3E8C45}.Release|Any CPU.ActiveCfg = Release|Any CPU
		{58529C40-9665-4AD7-AD1A-70BD2C3E8C45}.Release|Any CPU.Build.0 = Release|Any CPU
		{58529C40-9665-4AD7-AD1A-70BD2C3E8C45}.Release|x64.ActiveCfg = Release|Any CPU
		{58529C40-9665-4AD7-AD1A-70BD2C3E8C45}.Release|x64.Build.0 = Release|Any CPU
		{58529C40-9665-4AD7-AD1A-70BD2C3E8C45}.Release|x86.ActiveCfg = Release|Any CPU
		{58529C40-9665-4AD7-AD1A-70BD2C3E8C45}.Release|x86.Build.0 = Release|Any CPU
		{A65D2F89-5203-411B-8111-CD0B17B8A642}.Debug|Any CPU.ActiveCfg = Debug|Any CPU
		{A65D2F89-5203-411B-8111-CD0B17B8A642}.Debug|Any CPU.Build.0 = Debug|Any CPU
		{A65D2F89-5203-411B-8111-CD0B17B8A642}.Debug|x64.ActiveCfg = Debug|x64
		{A65D2F89-5203-411B-8111-CD0B17B8A642}.Debug|x64.Build.0 = Debug|x64
		{A65D2F89-5203-411B-8111-CD0B17B8A642}.Debug|x86.ActiveCfg = Debug|x86
		{A65D2F89-5203-411B-8111-CD0B17B8A642}.Debug|x86.Build.0 = Debug|x86
		{A65D2F89-5203-411B-8111-CD0B17B8A642}.Release|Any CPU.ActiveCfg = Release|Any CPU
		{A65D2F89-5203-411B-8111-CD0B17B8A642}.Release|Any CPU.Build.0 = Release|Any CPU
		{A65D2F89-5203-411B-8111-CD0B17B8A642}.Release|x64.ActiveCfg = Release|x64
		{A65D2F89-5203-411B-8111-CD0B17B8A642}.Release|x64.Build.0 = Release|x64
		{A65D2F89-5203-411B-8111-CD0B17B8A642}.Release|x86.ActiveCfg = Release|x86
		{A65D2F89-5203-411B-8111-CD0B17B8A642}.Release|x86.Build.0 = Release|x86
		{2E1C00B6-338D-4C3A-BFF5-67080FD0E9B8}.Debug|Any CPU.ActiveCfg = Debug|Any CPU
		{2E1C00B6-338D-4C3A-BFF5-67080FD0E9B8}.Debug|Any CPU.Build.0 = Debug|Any CPU
		{2E1C00B6-338D-4C3A-BFF5-67080FD0E9B8}.Debug|x64.ActiveCfg = Debug|x64
		{2E1C00B6-338D-4C3A-BFF5-67080FD0E9B8}.Debug|x64.Build.0 = Debug|x64
		{2E1C00B6-338D-4C3A-BFF5-67080FD0E9B8}.Debug|x86.ActiveCfg = Debug|x86
		{2E1C00B6-338D-4C3A-BFF5-67080FD0E9B8}.Debug|x86.Build.0 = Debug|x86
		{2E1C00B6-338D-4C3A-BFF5-67080FD0E9B8}.Release|Any CPU.ActiveCfg = Release|Any CPU
		{2E1C00B6-338D-4C3A-BFF5-67080FD0E9B8}.Release|Any CPU.Build.0 = Release|Any CPU
		{2E1C00B6-338D-4C3A-BFF5-67080FD0E9B8}.Release|x64.ActiveCfg = Release|x64
		{2E1C00B6-338D-4C3A-BFF5-67080FD0E9B8}.Release|x64.Build.0 = Release|x64
		{2E1C00B6-338D-4C3A-BFF5-67080FD0E9B8}.Release|x86.ActiveCfg = Release|x86
		{2E1C00B6-338D-4C3A-BFF5-67080FD0E9B8}.Release|x86.Build.0 = Release|x86
		{139894E5-2335-4583-B449-DC1D2A94937A}.Debug|Any CPU.ActiveCfg = Debug|Any CPU
		{139894E5-2335-4583-B449-DC1D2A94937A}.Debug|Any CPU.Build.0 = Debug|Any CPU
		{139894E5-2335-4583-B449-DC1D2A94937A}.Debug|x64.ActiveCfg = Debug|Any CPU
		{139894E5-2335-4583-B449-DC1D2A94937A}.Debug|x64.Build.0 = Debug|Any CPU
		{139894E5-2335-4583-B449-DC1D2A94937A}.Debug|x86.ActiveCfg = Debug|Any CPU
		{139894E5-2335-4583-B449-DC1D2A94937A}.Debug|x86.Build.0 = Debug|Any CPU
		{139894E5-2335-4583-B449-DC1D2A94937A}.Release|Any CPU.ActiveCfg = Release|Any CPU
		{139894E5-2335-4583-B449-DC1D2A94937A}.Release|Any CPU.Build.0 = Release|Any CPU
		{139894E5-2335-4583-B449-DC1D2A94937A}.Release|x64.ActiveCfg = Release|Any CPU
		{139894E5-2335-4583-B449-DC1D2A94937A}.Release|x64.Build.0 = Release|Any CPU
		{139894E5-2335-4583-B449-DC1D2A94937A}.Release|x86.ActiveCfg = Release|Any CPU
		{139894E5-2335-4583-B449-DC1D2A94937A}.Release|x86.Build.0 = Release|Any CPU
		{19A34A5B-0354-408D-AF53-6B852BB0AB25}.Debug|Any CPU.ActiveCfg = Debug|Any CPU
		{19A34A5B-0354-408D-AF53-6B852BB0AB25}.Debug|Any CPU.Build.0 = Debug|Any CPU
		{19A34A5B-0354-408D-AF53-6B852BB0AB25}.Debug|x64.ActiveCfg = Debug|Any CPU
		{19A34A5B-0354-408D-AF53-6B852BB0AB25}.Debug|x64.Build.0 = Debug|Any CPU
		{19A34A5B-0354-408D-AF53-6B852BB0AB25}.Debug|x86.ActiveCfg = Debug|Any CPU
		{19A34A5B-0354-408D-AF53-6B852BB0AB25}.Debug|x86.Build.0 = Debug|Any CPU
		{19A34A5B-0354-408D-AF53-6B852BB0AB25}.Release|Any CPU.ActiveCfg = Release|Any CPU
		{19A34A5B-0354-408D-AF53-6B852BB0AB25}.Release|Any CPU.Build.0 = Release|Any CPU
		{19A34A5B-0354-408D-AF53-6B852BB0AB25}.Release|x64.ActiveCfg = Release|Any CPU
		{19A34A5B-0354-408D-AF53-6B852BB0AB25}.Release|x64.Build.0 = Release|Any CPU
		{19A34A5B-0354-408D-AF53-6B852BB0AB25}.Release|x86.ActiveCfg = Release|Any CPU
		{19A34A5B-0354-408D-AF53-6B852BB0AB25}.Release|x86.Build.0 = Release|Any CPU
		{7852C39B-137B-48E2-B064-8B6612323383}.Debug|Any CPU.ActiveCfg = Debug|Any CPU
		{7852C39B-137B-48E2-B064-8B6612323383}.Debug|Any CPU.Build.0 = Debug|Any CPU
		{7852C39B-137B-48E2-B064-8B6612323383}.Debug|x64.ActiveCfg = Debug|Any CPU
		{7852C39B-137B-48E2-B064-8B6612323383}.Debug|x64.Build.0 = Debug|Any CPU
		{7852C39B-137B-48E2-B064-8B6612323383}.Debug|x86.ActiveCfg = Debug|Any CPU
		{7852C39B-137B-48E2-B064-8B6612323383}.Debug|x86.Build.0 = Debug|Any CPU
		{7852C39B-137B-48E2-B064-8B6612323383}.Release|Any CPU.ActiveCfg = Release|Any CPU
		{7852C39B-137B-48E2-B064-8B6612323383}.Release|Any CPU.Build.0 = Release|Any CPU
		{7852C39B-137B-48E2-B064-8B6612323383}.Release|x64.ActiveCfg = Release|Any CPU
		{7852C39B-137B-48E2-B064-8B6612323383}.Release|x64.Build.0 = Release|Any CPU
		{7852C39B-137B-48E2-B064-8B6612323383}.Release|x86.ActiveCfg = Release|Any CPU
		{7852C39B-137B-48E2-B064-8B6612323383}.Release|x86.Build.0 = Release|Any CPU
		{49DDB828-AEA1-45CF-B39B-44E49C919A5F}.Debug|Any CPU.ActiveCfg = Debug|Any CPU
		{49DDB828-AEA1-45CF-B39B-44E49C919A5F}.Debug|Any CPU.Build.0 = Debug|Any CPU
		{49DDB828-AEA1-45CF-B39B-44E49C919A5F}.Debug|x64.ActiveCfg = Debug|x64
		{49DDB828-AEA1-45CF-B39B-44E49C919A5F}.Debug|x64.Build.0 = Debug|x64
		{49DDB828-AEA1-45CF-B39B-44E49C919A5F}.Debug|x86.ActiveCfg = Debug|x86
		{49DDB828-AEA1-45CF-B39B-44E49C919A5F}.Debug|x86.Build.0 = Debug|x86
		{49DDB828-AEA1-45CF-B39B-44E49C919A5F}.Release|Any CPU.ActiveCfg = Release|Any CPU
		{49DDB828-AEA1-45CF-B39B-44E49C919A5F}.Release|Any CPU.Build.0 = Release|Any CPU
		{49DDB828-AEA1-45CF-B39B-44E49C919A5F}.Release|x64.ActiveCfg = Release|x64
		{49DDB828-AEA1-45CF-B39B-44E49C919A5F}.Release|x64.Build.0 = Release|x64
		{49DDB828-AEA1-45CF-B39B-44E49C919A5F}.Release|x86.ActiveCfg = Release|x86
		{49DDB828-AEA1-45CF-B39B-44E49C919A5F}.Release|x86.Build.0 = Release|x86
		{6710610A-9C1C-48A4-A83E-66FA467942B1}.Debug|Any CPU.ActiveCfg = Debug|Any CPU
		{6710610A-9C1C-48A4-A83E-66FA467942B1}.Debug|Any CPU.Build.0 = Debug|Any CPU
		{6710610A-9C1C-48A4-A83E-66FA467942B1}.Debug|x64.ActiveCfg = Debug|Any CPU
		{6710610A-9C1C-48A4-A83E-66FA467942B1}.Debug|x64.Build.0 = Debug|Any CPU
		{6710610A-9C1C-48A4-A83E-66FA467942B1}.Debug|x86.ActiveCfg = Debug|Any CPU
		{6710610A-9C1C-48A4-A83E-66FA467942B1}.Debug|x86.Build.0 = Debug|Any CPU
		{6710610A-9C1C-48A4-A83E-66FA467942B1}.Release|Any CPU.ActiveCfg = Release|Any CPU
		{6710610A-9C1C-48A4-A83E-66FA467942B1}.Release|Any CPU.Build.0 = Release|Any CPU
		{6710610A-9C1C-48A4-A83E-66FA467942B1}.Release|x64.ActiveCfg = Release|Any CPU
		{6710610A-9C1C-48A4-A83E-66FA467942B1}.Release|x64.Build.0 = Release|Any CPU
		{6710610A-9C1C-48A4-A83E-66FA467942B1}.Release|x86.ActiveCfg = Release|Any CPU
		{6710610A-9C1C-48A4-A83E-66FA467942B1}.Release|x86.Build.0 = Release|Any CPU
		{CC4A69D4-41EA-4117-AF2A-93C8F9478A0D}.Debug|Any CPU.ActiveCfg = Debug|Any CPU
		{CC4A69D4-41EA-4117-AF2A-93C8F9478A0D}.Debug|Any CPU.Build.0 = Debug|Any CPU
		{CC4A69D4-41EA-4117-AF2A-93C8F9478A0D}.Debug|x64.ActiveCfg = Debug|Any CPU
		{CC4A69D4-41EA-4117-AF2A-93C8F9478A0D}.Debug|x64.Build.0 = Debug|Any CPU
		{CC4A69D4-41EA-4117-AF2A-93C8F9478A0D}.Debug|x86.ActiveCfg = Debug|Any CPU
		{CC4A69D4-41EA-4117-AF2A-93C8F9478A0D}.Debug|x86.Build.0 = Debug|Any CPU
		{CC4A69D4-41EA-4117-AF2A-93C8F9478A0D}.Release|Any CPU.ActiveCfg = Release|Any CPU
		{CC4A69D4-41EA-4117-AF2A-93C8F9478A0D}.Release|Any CPU.Build.0 = Release|Any CPU
		{CC4A69D4-41EA-4117-AF2A-93C8F9478A0D}.Release|x64.ActiveCfg = Release|Any CPU
		{CC4A69D4-41EA-4117-AF2A-93C8F9478A0D}.Release|x64.Build.0 = Release|Any CPU
		{CC4A69D4-41EA-4117-AF2A-93C8F9478A0D}.Release|x86.ActiveCfg = Release|Any CPU
		{CC4A69D4-41EA-4117-AF2A-93C8F9478A0D}.Release|x86.Build.0 = Release|Any CPU
		{82AD9932-5319-4CE8-A398-75B91133FEEC}.Debug|Any CPU.ActiveCfg = Debug|Any CPU
		{82AD9932-5319-4CE8-A398-75B91133FEEC}.Debug|Any CPU.Build.0 = Debug|Any CPU
		{82AD9932-5319-4CE8-A398-75B91133FEEC}.Debug|x64.ActiveCfg = Debug|Any CPU
		{82AD9932-5319-4CE8-A398-75B91133FEEC}.Debug|x64.Build.0 = Debug|Any CPU
		{82AD9932-5319-4CE8-A398-75B91133FEEC}.Debug|x86.ActiveCfg = Debug|Any CPU
		{82AD9932-5319-4CE8-A398-75B91133FEEC}.Debug|x86.Build.0 = Debug|Any CPU
		{82AD9932-5319-4CE8-A398-75B91133FEEC}.Release|Any CPU.ActiveCfg = Release|Any CPU
		{82AD9932-5319-4CE8-A398-75B91133FEEC}.Release|Any CPU.Build.0 = Release|Any CPU
		{82AD9932-5319-4CE8-A398-75B91133FEEC}.Release|x64.ActiveCfg = Release|Any CPU
		{82AD9932-5319-4CE8-A398-75B91133FEEC}.Release|x64.Build.0 = Release|Any CPU
		{82AD9932-5319-4CE8-A398-75B91133FEEC}.Release|x86.ActiveCfg = Release|Any CPU
		{82AD9932-5319-4CE8-A398-75B91133FEEC}.Release|x86.Build.0 = Release|Any CPU
		{DB6F9048-2A83-4BC3-B29E-36F185E2F4C8}.Debug|Any CPU.ActiveCfg = Debug|Any CPU
		{DB6F9048-2A83-4BC3-B29E-36F185E2F4C8}.Debug|Any CPU.Build.0 = Debug|Any CPU
		{DB6F9048-2A83-4BC3-B29E-36F185E2F4C8}.Debug|x64.ActiveCfg = Debug|Any CPU
		{DB6F9048-2A83-4BC3-B29E-36F185E2F4C8}.Debug|x64.Build.0 = Debug|Any CPU
		{DB6F9048-2A83-4BC3-B29E-36F185E2F4C8}.Debug|x86.ActiveCfg = Debug|Any CPU
		{DB6F9048-2A83-4BC3-B29E-36F185E2F4C8}.Debug|x86.Build.0 = Debug|Any CPU
		{DB6F9048-2A83-4BC3-B29E-36F185E2F4C8}.Release|Any CPU.ActiveCfg = Release|Any CPU
		{DB6F9048-2A83-4BC3-B29E-36F185E2F4C8}.Release|Any CPU.Build.0 = Release|Any CPU
		{DB6F9048-2A83-4BC3-B29E-36F185E2F4C8}.Release|x64.ActiveCfg = Release|Any CPU
		{DB6F9048-2A83-4BC3-B29E-36F185E2F4C8}.Release|x64.Build.0 = Release|Any CPU
		{DB6F9048-2A83-4BC3-B29E-36F185E2F4C8}.Release|x86.ActiveCfg = Release|Any CPU
		{DB6F9048-2A83-4BC3-B29E-36F185E2F4C8}.Release|x86.Build.0 = Release|Any CPU
		{5D891E24-279F-4977-872E-943267D40C69}.Debug|Any CPU.ActiveCfg = Debug|Any CPU
		{5D891E24-279F-4977-872E-943267D40C69}.Debug|Any CPU.Build.0 = Debug|Any CPU
		{5D891E24-279F-4977-872E-943267D40C69}.Debug|x64.ActiveCfg = Debug|Any CPU
		{5D891E24-279F-4977-872E-943267D40C69}.Debug|x64.Build.0 = Debug|Any CPU
		{5D891E24-279F-4977-872E-943267D40C69}.Debug|x86.ActiveCfg = Debug|Any CPU
		{5D891E24-279F-4977-872E-943267D40C69}.Debug|x86.Build.0 = Debug|Any CPU
		{5D891E24-279F-4977-872E-943267D40C69}.Release|Any CPU.ActiveCfg = Release|Any CPU
		{5D891E24-279F-4977-872E-943267D40C69}.Release|Any CPU.Build.0 = Release|Any CPU
		{5D891E24-279F-4977-872E-943267D40C69}.Release|x64.ActiveCfg = Release|Any CPU
		{5D891E24-279F-4977-872E-943267D40C69}.Release|x64.Build.0 = Release|Any CPU
		{5D891E24-279F-4977-872E-943267D40C69}.Release|x86.ActiveCfg = Release|Any CPU
		{5D891E24-279F-4977-872E-943267D40C69}.Release|x86.Build.0 = Release|Any CPU
		{C2FF0762-AA5D-4C42-8249-339EB1D2D5F0}.Debug|Any CPU.ActiveCfg = Debug|Any CPU
		{C2FF0762-AA5D-4C42-8249-339EB1D2D5F0}.Debug|Any CPU.Build.0 = Debug|Any CPU
		{C2FF0762-AA5D-4C42-8249-339EB1D2D5F0}.Debug|x64.ActiveCfg = Debug|Any CPU
		{C2FF0762-AA5D-4C42-8249-339EB1D2D5F0}.Debug|x64.Build.0 = Debug|Any CPU
		{C2FF0762-AA5D-4C42-8249-339EB1D2D5F0}.Debug|x86.ActiveCfg = Debug|Any CPU
		{C2FF0762-AA5D-4C42-8249-339EB1D2D5F0}.Debug|x86.Build.0 = Debug|Any CPU
		{C2FF0762-AA5D-4C42-8249-339EB1D2D5F0}.Release|Any CPU.ActiveCfg = Release|Any CPU
		{C2FF0762-AA5D-4C42-8249-339EB1D2D5F0}.Release|Any CPU.Build.0 = Release|Any CPU
		{C2FF0762-AA5D-4C42-8249-339EB1D2D5F0}.Release|x64.ActiveCfg = Release|Any CPU
		{C2FF0762-AA5D-4C42-8249-339EB1D2D5F0}.Release|x64.Build.0 = Release|Any CPU
		{C2FF0762-AA5D-4C42-8249-339EB1D2D5F0}.Release|x86.ActiveCfg = Release|Any CPU
		{C2FF0762-AA5D-4C42-8249-339EB1D2D5F0}.Release|x86.Build.0 = Release|Any CPU
		{DD0029C3-11C2-4DC9-9ED6-EE49BD9EF999}.Debug|Any CPU.ActiveCfg = Debug|Any CPU
		{DD0029C3-11C2-4DC9-9ED6-EE49BD9EF999}.Debug|Any CPU.Build.0 = Debug|Any CPU
		{DD0029C3-11C2-4DC9-9ED6-EE49BD9EF999}.Debug|x64.ActiveCfg = Debug|Any CPU
		{DD0029C3-11C2-4DC9-9ED6-EE49BD9EF999}.Debug|x64.Build.0 = Debug|Any CPU
		{DD0029C3-11C2-4DC9-9ED6-EE49BD9EF999}.Debug|x86.ActiveCfg = Debug|Any CPU
		{DD0029C3-11C2-4DC9-9ED6-EE49BD9EF999}.Debug|x86.Build.0 = Debug|Any CPU
		{DD0029C3-11C2-4DC9-9ED6-EE49BD9EF999}.Release|Any CPU.ActiveCfg = Release|Any CPU
		{DD0029C3-11C2-4DC9-9ED6-EE49BD9EF999}.Release|Any CPU.Build.0 = Release|Any CPU
		{DD0029C3-11C2-4DC9-9ED6-EE49BD9EF999}.Release|x64.ActiveCfg = Release|Any CPU
		{DD0029C3-11C2-4DC9-9ED6-EE49BD9EF999}.Release|x64.Build.0 = Release|Any CPU
		{DD0029C3-11C2-4DC9-9ED6-EE49BD9EF999}.Release|x86.ActiveCfg = Release|Any CPU
		{DD0029C3-11C2-4DC9-9ED6-EE49BD9EF999}.Release|x86.Build.0 = Release|Any CPU
		{B0536720-641B-4CEC-800A-2708F61DD76D}.Debug|Any CPU.ActiveCfg = Debug|Any CPU
		{B0536720-641B-4CEC-800A-2708F61DD76D}.Debug|Any CPU.Build.0 = Debug|Any CPU
		{B0536720-641B-4CEC-800A-2708F61DD76D}.Debug|x64.ActiveCfg = Debug|x64
		{B0536720-641B-4CEC-800A-2708F61DD76D}.Debug|x64.Build.0 = Debug|x64
		{B0536720-641B-4CEC-800A-2708F61DD76D}.Debug|x86.ActiveCfg = Debug|x86
		{B0536720-641B-4CEC-800A-2708F61DD76D}.Debug|x86.Build.0 = Debug|x86
		{B0536720-641B-4CEC-800A-2708F61DD76D}.Release|Any CPU.ActiveCfg = Release|Any CPU
		{B0536720-641B-4CEC-800A-2708F61DD76D}.Release|Any CPU.Build.0 = Release|Any CPU
		{B0536720-641B-4CEC-800A-2708F61DD76D}.Release|x64.ActiveCfg = Release|x64
		{B0536720-641B-4CEC-800A-2708F61DD76D}.Release|x64.Build.0 = Release|x64
		{B0536720-641B-4CEC-800A-2708F61DD76D}.Release|x86.ActiveCfg = Release|x86
		{B0536720-641B-4CEC-800A-2708F61DD76D}.Release|x86.Build.0 = Release|x86
		{A65BDECA-8F8C-43AF-812B-B0753E22C93F}.Debug|Any CPU.ActiveCfg = Debug|Any CPU
		{A65BDECA-8F8C-43AF-812B-B0753E22C93F}.Debug|Any CPU.Build.0 = Debug|Any CPU
		{A65BDECA-8F8C-43AF-812B-B0753E22C93F}.Debug|x64.ActiveCfg = Debug|Any CPU
		{A65BDECA-8F8C-43AF-812B-B0753E22C93F}.Debug|x64.Build.0 = Debug|Any CPU
		{A65BDECA-8F8C-43AF-812B-B0753E22C93F}.Debug|x86.ActiveCfg = Debug|Any CPU
		{A65BDECA-8F8C-43AF-812B-B0753E22C93F}.Debug|x86.Build.0 = Debug|Any CPU
		{A65BDECA-8F8C-43AF-812B-B0753E22C93F}.Release|Any CPU.ActiveCfg = Release|Any CPU
		{A65BDECA-8F8C-43AF-812B-B0753E22C93F}.Release|Any CPU.Build.0 = Release|Any CPU
		{A65BDECA-8F8C-43AF-812B-B0753E22C93F}.Release|x64.ActiveCfg = Release|Any CPU
		{A65BDECA-8F8C-43AF-812B-B0753E22C93F}.Release|x64.Build.0 = Release|Any CPU
		{A65BDECA-8F8C-43AF-812B-B0753E22C93F}.Release|x86.ActiveCfg = Release|Any CPU
		{A65BDECA-8F8C-43AF-812B-B0753E22C93F}.Release|x86.Build.0 = Release|Any CPU
		{27EE122C-A84C-408A-B8E4-F42586B13124}.Debug|Any CPU.ActiveCfg = Debug|Any CPU
		{27EE122C-A84C-408A-B8E4-F42586B13124}.Debug|Any CPU.Build.0 = Debug|Any CPU
		{27EE122C-A84C-408A-B8E4-F42586B13124}.Debug|x64.ActiveCfg = Debug|Any CPU
		{27EE122C-A84C-408A-B8E4-F42586B13124}.Debug|x64.Build.0 = Debug|Any CPU
		{27EE122C-A84C-408A-B8E4-F42586B13124}.Debug|x86.ActiveCfg = Debug|Any CPU
		{27EE122C-A84C-408A-B8E4-F42586B13124}.Debug|x86.Build.0 = Debug|Any CPU
		{27EE122C-A84C-408A-B8E4-F42586B13124}.Release|Any CPU.ActiveCfg = Release|Any CPU
		{27EE122C-A84C-408A-B8E4-F42586B13124}.Release|Any CPU.Build.0 = Release|Any CPU
		{27EE122C-A84C-408A-B8E4-F42586B13124}.Release|x64.ActiveCfg = Release|Any CPU
		{27EE122C-A84C-408A-B8E4-F42586B13124}.Release|x64.Build.0 = Release|Any CPU
		{27EE122C-A84C-408A-B8E4-F42586B13124}.Release|x86.ActiveCfg = Release|Any CPU
		{27EE122C-A84C-408A-B8E4-F42586B13124}.Release|x86.Build.0 = Release|Any CPU
		{2644F017-4B9D-474C-87A4-BE6B5C41D382}.Debug|Any CPU.ActiveCfg = Debug|Any CPU
		{2644F017-4B9D-474C-87A4-BE6B5C41D382}.Debug|Any CPU.Build.0 = Debug|Any CPU
		{2644F017-4B9D-474C-87A4-BE6B5C41D382}.Debug|x64.ActiveCfg = Debug|Any CPU
		{2644F017-4B9D-474C-87A4-BE6B5C41D382}.Debug|x64.Build.0 = Debug|Any CPU
		{2644F017-4B9D-474C-87A4-BE6B5C41D382}.Debug|x86.ActiveCfg = Debug|Any CPU
		{2644F017-4B9D-474C-87A4-BE6B5C41D382}.Debug|x86.Build.0 = Debug|Any CPU
		{2644F017-4B9D-474C-87A4-BE6B5C41D382}.Release|Any CPU.ActiveCfg = Release|Any CPU
		{2644F017-4B9D-474C-87A4-BE6B5C41D382}.Release|Any CPU.Build.0 = Release|Any CPU
		{2644F017-4B9D-474C-87A4-BE6B5C41D382}.Release|x64.ActiveCfg = Release|Any CPU
		{2644F017-4B9D-474C-87A4-BE6B5C41D382}.Release|x64.Build.0 = Release|Any CPU
		{2644F017-4B9D-474C-87A4-BE6B5C41D382}.Release|x86.ActiveCfg = Release|Any CPU
		{2644F017-4B9D-474C-87A4-BE6B5C41D382}.Release|x86.Build.0 = Release|Any CPU
		{4D13834B-A75B-4737-BC37-F520D12A69D0}.Debug|Any CPU.ActiveCfg = Debug|Any CPU
		{4D13834B-A75B-4737-BC37-F520D12A69D0}.Debug|Any CPU.Build.0 = Debug|Any CPU
		{4D13834B-A75B-4737-BC37-F520D12A69D0}.Debug|x64.ActiveCfg = Debug|Any CPU
		{4D13834B-A75B-4737-BC37-F520D12A69D0}.Debug|x64.Build.0 = Debug|Any CPU
		{4D13834B-A75B-4737-BC37-F520D12A69D0}.Debug|x86.ActiveCfg = Debug|Any CPU
		{4D13834B-A75B-4737-BC37-F520D12A69D0}.Debug|x86.Build.0 = Debug|Any CPU
		{4D13834B-A75B-4737-BC37-F520D12A69D0}.Release|Any CPU.ActiveCfg = Release|Any CPU
		{4D13834B-A75B-4737-BC37-F520D12A69D0}.Release|Any CPU.Build.0 = Release|Any CPU
		{4D13834B-A75B-4737-BC37-F520D12A69D0}.Release|x64.ActiveCfg = Release|Any CPU
		{4D13834B-A75B-4737-BC37-F520D12A69D0}.Release|x64.Build.0 = Release|Any CPU
		{4D13834B-A75B-4737-BC37-F520D12A69D0}.Release|x86.ActiveCfg = Release|Any CPU
		{4D13834B-A75B-4737-BC37-F520D12A69D0}.Release|x86.Build.0 = Release|Any CPU
		{DAD992F4-FFDE-4ECC-8FD5-1556FDE556BF}.Debug|Any CPU.ActiveCfg = Debug|Any CPU
		{DAD992F4-FFDE-4ECC-8FD5-1556FDE556BF}.Debug|Any CPU.Build.0 = Debug|Any CPU
		{DAD992F4-FFDE-4ECC-8FD5-1556FDE556BF}.Debug|x64.ActiveCfg = Debug|Any CPU
		{DAD992F4-FFDE-4ECC-8FD5-1556FDE556BF}.Debug|x64.Build.0 = Debug|Any CPU
		{DAD992F4-FFDE-4ECC-8FD5-1556FDE556BF}.Debug|x86.ActiveCfg = Debug|Any CPU
		{DAD992F4-FFDE-4ECC-8FD5-1556FDE556BF}.Debug|x86.Build.0 = Debug|Any CPU
		{DAD992F4-FFDE-4ECC-8FD5-1556FDE556BF}.Release|Any CPU.ActiveCfg = Release|Any CPU
		{DAD992F4-FFDE-4ECC-8FD5-1556FDE556BF}.Release|Any CPU.Build.0 = Release|Any CPU
		{DAD992F4-FFDE-4ECC-8FD5-1556FDE556BF}.Release|x64.ActiveCfg = Release|Any CPU
		{DAD992F4-FFDE-4ECC-8FD5-1556FDE556BF}.Release|x64.Build.0 = Release|Any CPU
		{DAD992F4-FFDE-4ECC-8FD5-1556FDE556BF}.Release|x86.ActiveCfg = Release|Any CPU
		{DAD992F4-FFDE-4ECC-8FD5-1556FDE556BF}.Release|x86.Build.0 = Release|Any CPU
		{1413D8AB-9254-4E42-8F73-319FA58C7742}.Debug|Any CPU.ActiveCfg = Debug|Any CPU
		{1413D8AB-9254-4E42-8F73-319FA58C7742}.Debug|Any CPU.Build.0 = Debug|Any CPU
		{1413D8AB-9254-4E42-8F73-319FA58C7742}.Debug|x64.ActiveCfg = Debug|x64
		{1413D8AB-9254-4E42-8F73-319FA58C7742}.Debug|x64.Build.0 = Debug|x64
		{1413D8AB-9254-4E42-8F73-319FA58C7742}.Debug|x86.ActiveCfg = Debug|x86
		{1413D8AB-9254-4E42-8F73-319FA58C7742}.Debug|x86.Build.0 = Debug|x86
		{1413D8AB-9254-4E42-8F73-319FA58C7742}.Release|Any CPU.ActiveCfg = Release|Any CPU
		{1413D8AB-9254-4E42-8F73-319FA58C7742}.Release|Any CPU.Build.0 = Release|Any CPU
		{1413D8AB-9254-4E42-8F73-319FA58C7742}.Release|x64.ActiveCfg = Release|x64
		{1413D8AB-9254-4E42-8F73-319FA58C7742}.Release|x64.Build.0 = Release|x64
		{1413D8AB-9254-4E42-8F73-319FA58C7742}.Release|x86.ActiveCfg = Release|x86
		{1413D8AB-9254-4E42-8F73-319FA58C7742}.Release|x86.Build.0 = Release|x86
		{B78F0EE6-F9A3-4B7B-BB59-62E41EF59743}.Debug|Any CPU.ActiveCfg = Debug|Any CPU
		{B78F0EE6-F9A3-4B7B-BB59-62E41EF59743}.Debug|Any CPU.Build.0 = Debug|Any CPU
		{B78F0EE6-F9A3-4B7B-BB59-62E41EF59743}.Debug|x64.ActiveCfg = Debug|x64
		{B78F0EE6-F9A3-4B7B-BB59-62E41EF59743}.Debug|x64.Build.0 = Debug|x64
		{B78F0EE6-F9A3-4B7B-BB59-62E41EF59743}.Debug|x86.ActiveCfg = Debug|x86
		{B78F0EE6-F9A3-4B7B-BB59-62E41EF59743}.Debug|x86.Build.0 = Debug|x86
		{B78F0EE6-F9A3-4B7B-BB59-62E41EF59743}.Release|Any CPU.ActiveCfg = Release|Any CPU
		{B78F0EE6-F9A3-4B7B-BB59-62E41EF59743}.Release|Any CPU.Build.0 = Release|Any CPU
		{B78F0EE6-F9A3-4B7B-BB59-62E41EF59743}.Release|x64.ActiveCfg = Release|x64
		{B78F0EE6-F9A3-4B7B-BB59-62E41EF59743}.Release|x64.Build.0 = Release|x64
		{B78F0EE6-F9A3-4B7B-BB59-62E41EF59743}.Release|x86.ActiveCfg = Release|x86
		{B78F0EE6-F9A3-4B7B-BB59-62E41EF59743}.Release|x86.Build.0 = Release|x86
	EndGlobalSection
	GlobalSection(SolutionProperties) = preSolution
		HideSolutionNode = FALSE
	EndGlobalSection
	GlobalSection(NestedProjects) = preSolution
		{B13CE5AB-E69C-4B90-983C-E8C3587B66BA} = {E9BD2438-7C4F-4C5F-A34C-7401B0D7B8AA}
		{C90CD5DF-4E2E-4CF6-8206-CCF0E831AB77} = {E9BD2438-7C4F-4C5F-A34C-7401B0D7B8AA}
		{6D6A4B0A-6706-4A79-A831-40F7737B8094} = {2146FB2B-BFEC-451D-BF9E-57718F89690B}
		{00D1229D-CA73-49A6-AA12-7382D2242E85} = {6D6A4B0A-6706-4A79-A831-40F7737B8094}
		{62294128-C7FA-44F1-B771-AD6280328AC0} = {6D6A4B0A-6706-4A79-A831-40F7737B8094}
		{46318B4A-F3FD-4433-A641-23CB0ED3EF5F} = {6D6A4B0A-6706-4A79-A831-40F7737B8094}
		{32B4C2F1-ED2A-4DBC-9D3E-EBB6724C2E63} = {669E98E1-6C5D-4D7E-8145-F4014E665B25}
		{58529C40-9665-4AD7-AD1A-70BD2C3E8C45} = {669E98E1-6C5D-4D7E-8145-F4014E665B25}
		{A65D2F89-5203-411B-8111-CD0B17B8A642} = {ABC30087-B375-478C-AEAE-36BAD4D0B4C2}
		{2E1C00B6-338D-4C3A-BFF5-67080FD0E9B8} = {ABC30087-B375-478C-AEAE-36BAD4D0B4C2}
		{139894E5-2335-4583-B449-DC1D2A94937A} = {ABC30087-B375-478C-AEAE-36BAD4D0B4C2}
		{19A34A5B-0354-408D-AF53-6B852BB0AB25} = {ABC30087-B375-478C-AEAE-36BAD4D0B4C2}
		{84D7EE7D-3FCF-4590-BA8D-2BEB1E4A28D3} = {69AF7898-5F6A-454C-80BC-866035AC7452}
		{640DC87C-71F7-4C72-BEB9-8477E9024EC1} = {69AF7898-5F6A-454C-80BC-866035AC7452}
		{7852C39B-137B-48E2-B064-8B6612323383} = {640DC87C-71F7-4C72-BEB9-8477E9024EC1}
		{49DDB828-AEA1-45CF-B39B-44E49C919A5F} = {1CE30920-34F3-40DA-A0A1-E51A34C9C2FD}
		{1CE30920-34F3-40DA-A0A1-E51A34C9C2FD} = {B03FD493-3F09-4696-9966-EEC4420CA985}
		{6710610A-9C1C-48A4-A83E-66FA467942B1} = {2968922B-9F2E-46FF-93B2-FC6B55B54FA8}
		{CC4A69D4-41EA-4117-AF2A-93C8F9478A0D} = {2968922B-9F2E-46FF-93B2-FC6B55B54FA8}
		{31AE0256-EEAA-4296-9BDE-C3B854518AA5} = {2968922B-9F2E-46FF-93B2-FC6B55B54FA8}
		{82AD9932-5319-4CE8-A398-75B91133FEEC} = {31AE0256-EEAA-4296-9BDE-C3B854518AA5}
		{DB6F9048-2A83-4BC3-B29E-36F185E2F4C8} = {31AE0256-EEAA-4296-9BDE-C3B854518AA5}
		{5D891E24-279F-4977-872E-943267D40C69} = {31AE0256-EEAA-4296-9BDE-C3B854518AA5}
		{C2FF0762-AA5D-4C42-8249-339EB1D2D5F0} = {31AE0256-EEAA-4296-9BDE-C3B854518AA5}
		{DD0029C3-11C2-4DC9-9ED6-EE49BD9EF999} = {31AE0256-EEAA-4296-9BDE-C3B854518AA5}
		{B0536720-641B-4CEC-800A-2708F61DD76D} = {2968922B-9F2E-46FF-93B2-FC6B55B54FA8}
		{A65BDECA-8F8C-43AF-812B-B0753E22C93F} = {2968922B-9F2E-46FF-93B2-FC6B55B54FA8}
		{27EE122C-A84C-408A-B8E4-F42586B13124} = {2968922B-9F2E-46FF-93B2-FC6B55B54FA8}
		{2644F017-4B9D-474C-87A4-BE6B5C41D382} = {0B2014B9-3841-4344-BC56-9ECE8D24DBDC}
		{0B2014B9-3841-4344-BC56-9ECE8D24DBDC} = {2968922B-9F2E-46FF-93B2-FC6B55B54FA8}
		{4D13834B-A75B-4737-BC37-F520D12A69D0} = {2968922B-9F2E-46FF-93B2-FC6B55B54FA8}
		{DAD992F4-FFDE-4ECC-8FD5-1556FDE556BF} = {2968922B-9F2E-46FF-93B2-FC6B55B54FA8}
		{1413D8AB-9254-4E42-8F73-319FA58C7742} = {84D7EE7D-3FCF-4590-BA8D-2BEB1E4A28D3}
	EndGlobalSection
	GlobalSection(ExtensibilityGlobals) = postSolution
		SolutionGuid = {3092FF0C-FE8E-4CF5-B6B9-0E71D976CEF2}
	EndGlobalSection
EndGlobal
