
Microsoft Visual Studio Solution File, Format Version 12.00
# Visual Studio Version 16
VisualStudioVersion = 16.0.30204.135
MinimumVisualStudioVersion = 10.0.40219.1
Project("{F184B08F-C81C-45F6-A57F-5ABD9991F28F}") = "remoteAttendance.systems", "remoteAttendance.systems.vbproj", "{B78F0EE6-F9A3-4B7B-BB59-62E41EF59743}"
EndProject
Project("{2150E333-8FDC-42A3-9474-1A3956D46DE8}") = "Layouts", "Layouts", "{5C5C0322-DCAB-4005-8A1C-6A1D48E4F45A}"
EndProject
Project("{F184B08F-C81C-45F6-A57F-5ABD9991F28F}") = "tasksManager", "..\..\Platform\Backend\Management Coding Tasks\tasksManager.vbproj", "{A65BDECA-8F8C-43AF-812B-B0753E22C93F}"
EndProject
Project("{F184B08F-C81C-45F6-A57F-5ABD9991F28F}") = "startup", "..\..\Platform\Backend\Startup\startup.vbproj", "{DAD992F4-FFDE-4ECC-8FD5-1556FDE556BF}"
EndProject
Project("{F184B08F-C81C-45F6-A57F-5ABD9991F28F}") = "loading intro", "..\..\Platform\Functionalities\loading\loading\loading intro.vbproj", "{58529C40-9665-4AD7-AD1A-70BD2C3E8C45}"
EndProject
Project("{F184B08F-C81C-45F6-A57F-5ABD9991F28F}") = "environmentLoading", "..\..\Platform\Backend\Environment\environmentLoading\environmentLoading\environmentLoading.vbproj", "{C2FF0762-AA5D-4C42-8249-339EB1D2D5F0}"
EndProject
Project("{F184B08F-C81C-45F6-A57F-5ABD9991F28F}") = "environment", "..\..\Platform\Backend\Environment\environment\environment\environment.vbproj", "{82AD9932-5319-4CE8-A398-75B91133FEEC}"
EndProject
Project("{F184B08F-C81C-45F6-A57F-5ABD9991F28F}") = "medieval Layout StartUp", "..\..\Platform\Layouts\startUp\medieval\medieval Layout StartUp.vbproj", "{7852C39B-137B-48E2-B064-8B6612323383}"
EndProject
Project("{F184B08F-C81C-45F6-A57F-5ABD9991F28F}") = "medieval Layout", "..\..\Platform\Layouts\main\medieval\medieval Layout.vbproj", "{1413D8AB-9254-4E42-8F73-319FA58C7742}"
EndProject
Project("{2150E333-8FDC-42A3-9474-1A3956D46DE8}") = "Environment Properties", "Environment Properties", "{26676A3B-360E-4895-89F3-59002C70BEF9}"
EndProject
Project("{F184B08F-C81C-45F6-A57F-5ABD9991F28F}") = "assemblyEnvironment", "..\..\Platform\Backend\Environment\EnvironmentAssembly\assemblyEnvironment\assemblyEnvironment.vbproj", "{DB6F9048-2A83-4BC3-B29E-36F185E2F4C8}"
EndProject
Project("{2150E333-8FDC-42A3-9474-1A3956D46DE8}") = "Backend", "Backend", "{A139655F-0F72-4C13-B796-5C91A8B0DD87}"
EndProject
Project("{F184B08F-C81C-45F6-A57F-5ABD9991F28F}") = "MessageBox", "..\..\Platform\GUI\MessageBox\MessageBox.vbproj", "{19A34A5B-0354-408D-AF53-6B852BB0AB25}"
EndProject
Project("{F184B08F-C81C-45F6-A57F-5ABD9991F28F}") = "Custom Controls", "..\..\Platform\GUI\Custom Controls\Custom Controls.vbproj", "{139894E5-2335-4583-B449-DC1D2A94937A}"
EndProject
Project("{F184B08F-C81C-45F6-A57F-5ABD9991F28F}") = "Basic libraries", "..\..\Platform\Backend\Basic libraries\Basic libraries\Basic libraries.vbproj", "{6710610A-9C1C-48A4-A83E-66FA467942B1}"
EndProject
Project("{F184B08F-C81C-45F6-A57F-5ABD9991F28F}") = "Menu Layout Vertical", "..\..\Platform\Backend\Layout\Menu Layout Vertical\Menu Layout Vertical\Menu Layout Vertical.vbproj", "{91D6B342-9CB0-4E6B-B3D9-9A84B1D7FFB7}"
EndProject
Project("{F184B08F-C81C-45F6-A57F-5ABD9991F28F}") = "AlphaGradientPanel", "..\..\Platform\GUI\AlphaGradientPanel\AlphaGradientPanel.vbproj", "{A65D2F89-5203-411B-8111-CD0B17B8A642}"
EndProject
Project("{F184B08F-C81C-45F6-A57F-5ABD9991F28F}") = "network", "..\..\Platform\Backend\Network\network\network.vbproj", "{27EE122C-A84C-408A-B8E4-F42586B13124}"
EndProject
Project("{F184B08F-C81C-45F6-A57F-5ABD9991F28F}") = "security", "..\..\Platform\Backend\Security\security\security.vbproj", "{4D13834B-A75B-4737-BC37-F520D12A69D0}"
EndProject
Project("{F184B08F-C81C-45F6-A57F-5ABD9991F28F}") = "settings", "..\..\Platform\Backend\Environment\Settings\settings\settings.vbproj", "{DD0029C3-11C2-4DC9-9ED6-EE49BD9EF999}"
EndProject
Project("{F184B08F-C81C-45F6-A57F-5ABD9991F28F}") = "Layout Lateral Settings", "..\..\Platform\PlugIns\Layout Lateral Settings\Layout Lateral Settings\Layout Lateral Settings.vbproj", "{EE881E82-47E9-498E-B6CA-776106B52BCC}"
EndProject
Project("{F184B08F-C81C-45F6-A57F-5ABD9991F28F}") = "MACTrackBarLib", "..\..\Platform\GUI\MACTrackBarLib\MACTrackBarLib.vbproj", "{77A112B1-5440-440B-A0F6-2EDCC5B093CB}"
EndProject
Global
	GlobalSection(SolutionConfigurationPlatforms) = preSolution
		Debug|Any CPU = Debug|Any CPU
		Debug|x64 = Debug|x64
		Debug|x86 = Debug|x86
		Release|Any CPU = Release|Any CPU
		Release|x64 = Release|x64
		Release|x86 = Release|x86
	EndGlobalSection
	GlobalSection(ProjectConfigurationPlatforms) = postSolution
		{B78F0EE6-F9A3-4B7B-BB59-62E41EF59743}.Debug|Any CPU.ActiveCfg = Debug|Any CPU
		{B78F0EE6-F9A3-4B7B-BB59-62E41EF59743}.Debug|Any CPU.Build.0 = Debug|Any CPU
		{B78F0EE6-F9A3-4B7B-BB59-62E41EF59743}.Debug|x64.ActiveCfg = Debug|x64
		{B78F0EE6-F9A3-4B7B-BB59-62E41EF59743}.Debug|x64.Build.0 = Debug|x64
		{B78F0EE6-F9A3-4B7B-BB59-62E41EF59743}.Debug|x86.ActiveCfg = Debug|x86
		{B78F0EE6-F9A3-4B7B-BB59-62E41EF59743}.Debug|x86.Build.0 = Debug|x86
		{B78F0EE6-F9A3-4B7B-BB59-62E41EF59743}.Release|Any CPU.ActiveCfg = Release|Any CPU
		{B78F0EE6-F9A3-4B7B-BB59-62E41EF59743}.Release|Any CPU.Build.0 = Release|Any CPU
		{B78F0EE6-F9A3-4B7B-BB59-62E41EF59743}.Release|x64.ActiveCfg = Release|x64
		{B78F0EE6-F9A3-4B7B-BB59-62E41EF59743}.Release|x64.Build.0 = Release|x64
		{B78F0EE6-F9A3-4B7B-BB59-62E41EF59743}.Release|x86.ActiveCfg = Release|x86
		{B78F0EE6-F9A3-4B7B-BB59-62E41EF59743}.Release|x86.Build.0 = Release|x86
		{A65BDECA-8F8C-43AF-812B-B0753E22C93F}.Debug|Any CPU.ActiveCfg = Debug|Any CPU
		{A65BDECA-8F8C-43AF-812B-B0753E22C93F}.Debug|Any CPU.Build.0 = Debug|Any CPU
		{A65BDECA-8F8C-43AF-812B-B0753E22C93F}.Debug|x64.ActiveCfg = Debug|Any CPU
		{A65BDECA-8F8C-43AF-812B-B0753E22C93F}.Debug|x64.Build.0 = Debug|Any CPU
		{A65BDECA-8F8C-43AF-812B-B0753E22C93F}.Debug|x86.ActiveCfg = Debug|Any CPU
		{A65BDECA-8F8C-43AF-812B-B0753E22C93F}.Debug|x86.Build.0 = Debug|Any CPU
		{A65BDECA-8F8C-43AF-812B-B0753E22C93F}.Release|Any CPU.ActiveCfg = Release|Any CPU
		{A65BDECA-8F8C-43AF-812B-B0753E22C93F}.Release|Any CPU.Build.0 = Release|Any CPU
		{A65BDECA-8F8C-43AF-812B-B0753E22C93F}.Release|x64.ActiveCfg = Release|Any CPU
		{A65BDECA-8F8C-43AF-812B-B0753E22C93F}.Release|x64.Build.0 = Release|Any CPU
		{A65BDECA-8F8C-43AF-812B-B0753E22C93F}.Release|x86.ActiveCfg = Release|Any CPU
		{A65BDECA-8F8C-43AF-812B-B0753E22C93F}.Release|x86.Build.0 = Release|Any CPU
		{DAD992F4-FFDE-4ECC-8FD5-1556FDE556BF}.Debug|Any CPU.ActiveCfg = Debug|Any CPU
		{DAD992F4-FFDE-4ECC-8FD5-1556FDE556BF}.Debug|Any CPU.Build.0 = Debug|Any CPU
		{DAD992F4-FFDE-4ECC-8FD5-1556FDE556BF}.Debug|x64.ActiveCfg = Debug|Any CPU
		{DAD992F4-FFDE-4ECC-8FD5-1556FDE556BF}.Debug|x64.Build.0 = Debug|Any CPU
		{DAD992F4-FFDE-4ECC-8FD5-1556FDE556BF}.Debug|x86.ActiveCfg = Debug|Any CPU
		{DAD992F4-FFDE-4ECC-8FD5-1556FDE556BF}.Debug|x86.Build.0 = Debug|Any CPU
		{DAD992F4-FFDE-4ECC-8FD5-1556FDE556BF}.Release|Any CPU.ActiveCfg = Release|Any CPU
		{DAD992F4-FFDE-4ECC-8FD5-1556FDE556BF}.Release|Any CPU.Build.0 = Release|Any CPU
		{DAD992F4-FFDE-4ECC-8FD5-1556FDE556BF}.Release|x64.ActiveCfg = Release|Any CPU
		{DAD992F4-FFDE-4ECC-8FD5-1556FDE556BF}.Release|x64.Build.0 = Release|Any CPU
		{DAD992F4-FFDE-4ECC-8FD5-1556FDE556BF}.Release|x86.ActiveCfg = Release|Any CPU
		{DAD992F4-FFDE-4ECC-8FD5-1556FDE556BF}.Release|x86.Build.0 = Release|Any CPU
		{58529C40-9665-4AD7-AD1A-70BD2C3E8C45}.Debug|Any CPU.ActiveCfg = Debug|Any CPU
		{58529C40-9665-4AD7-AD1A-70BD2C3E8C45}.Debug|Any CPU.Build.0 = Debug|Any CPU
		{58529C40-9665-4AD7-AD1A-70BD2C3E8C45}.Debug|x64.ActiveCfg = Debug|Any CPU
		{58529C40-9665-4AD7-AD1A-70BD2C3E8C45}.Debug|x64.Build.0 = Debug|Any CPU
		{58529C40-9665-4AD7-AD1A-70BD2C3E8C45}.Debug|x86.ActiveCfg = Debug|Any CPU
		{58529C40-9665-4AD7-AD1A-70BD2C3E8C45}.Debug|x86.Build.0 = Debug|Any CPU
		{58529C40-9665-4AD7-AD1A-70BD2C3E8C45}.Release|Any CPU.ActiveCfg = Release|Any CPU
		{58529C40-9665-4AD7-AD1A-70BD2C3E8C45}.Release|Any CPU.Build.0 = Release|Any CPU
		{58529C40-9665-4AD7-AD1A-70BD2C3E8C45}.Release|x64.ActiveCfg = Release|Any CPU
		{58529C40-9665-4AD7-AD1A-70BD2C3E8C45}.Release|x64.Build.0 = Release|Any CPU
		{58529C40-9665-4AD7-AD1A-70BD2C3E8C45}.Release|x86.ActiveCfg = Release|Any CPU
		{58529C40-9665-4AD7-AD1A-70BD2C3E8C45}.Release|x86.Build.0 = Release|Any CPU
		{C2FF0762-AA5D-4C42-8249-339EB1D2D5F0}.Debug|Any CPU.ActiveCfg = Debug|Any CPU
		{C2FF0762-AA5D-4C42-8249-339EB1D2D5F0}.Debug|Any CPU.Build.0 = Debug|Any CPU
		{C2FF0762-AA5D-4C42-8249-339EB1D2D5F0}.Debug|x64.ActiveCfg = Debug|Any CPU
		{C2FF0762-AA5D-4C42-8249-339EB1D2D5F0}.Debug|x64.Build.0 = Debug|Any CPU
		{C2FF0762-AA5D-4C42-8249-339EB1D2D5F0}.Debug|x86.ActiveCfg = Debug|Any CPU
		{C2FF0762-AA5D-4C42-8249-339EB1D2D5F0}.Debug|x86.Build.0 = Debug|Any CPU
		{C2FF0762-AA5D-4C42-8249-339EB1D2D5F0}.Release|Any CPU.ActiveCfg = Release|Any CPU
		{C2FF0762-AA5D-4C42-8249-339EB1D2D5F0}.Release|Any CPU.Build.0 = Release|Any CPU
		{C2FF0762-AA5D-4C42-8249-339EB1D2D5F0}.Release|x64.ActiveCfg = Release|Any CPU
		{C2FF0762-AA5D-4C42-8249-339EB1D2D5F0}.Release|x64.Build.0 = Release|Any CPU
		{C2FF0762-AA5D-4C42-8249-339EB1D2D5F0}.Release|x86.ActiveCfg = Release|Any CPU
		{C2FF0762-AA5D-4C42-8249-339EB1D2D5F0}.Release|x86.Build.0 = Release|Any CPU
		{82AD9932-5319-4CE8-A398-75B91133FEEC}.Debug|Any CPU.ActiveCfg = Debug|Any CPU
		{82AD9932-5319-4CE8-A398-75B91133FEEC}.Debug|Any CPU.Build.0 = Debug|Any CPU
		{82AD9932-5319-4CE8-A398-75B91133FEEC}.Debug|x64.ActiveCfg = Debug|Any CPU
		{82AD9932-5319-4CE8-A398-75B91133FEEC}.Debug|x64.Build.0 = Debug|Any CPU
		{82AD9932-5319-4CE8-A398-75B91133FEEC}.Debug|x86.ActiveCfg = Debug|Any CPU
		{82AD9932-5319-4CE8-A398-75B91133FEEC}.Debug|x86.Build.0 = Debug|Any CPU
		{82AD9932-5319-4CE8-A398-75B91133FEEC}.Release|Any CPU.ActiveCfg = Release|Any CPU
		{82AD9932-5319-4CE8-A398-75B91133FEEC}.Release|Any CPU.Build.0 = Release|Any CPU
		{82AD9932-5319-4CE8-A398-75B91133FEEC}.Release|x64.ActiveCfg = Release|Any CPU
		{82AD9932-5319-4CE8-A398-75B91133FEEC}.Release|x64.Build.0 = Release|Any CPU
		{82AD9932-5319-4CE8-A398-75B91133FEEC}.Release|x86.ActiveCfg = Release|Any CPU
		{82AD9932-5319-4CE8-A398-75B91133FEEC}.Release|x86.Build.0 = Release|Any CPU
		{7852C39B-137B-48E2-B064-8B6612323383}.Debug|Any CPU.ActiveCfg = Debug|Any CPU
		{7852C39B-137B-48E2-B064-8B6612323383}.Debug|Any CPU.Build.0 = Debug|Any CPU
		{7852C39B-137B-48E2-B064-8B6612323383}.Debug|x64.ActiveCfg = Debug|Any CPU
		{7852C39B-137B-48E2-B064-8B6612323383}.Debug|x64.Build.0 = Debug|Any CPU
		{7852C39B-137B-48E2-B064-8B6612323383}.Debug|x86.ActiveCfg = Debug|Any CPU
		{7852C39B-137B-48E2-B064-8B6612323383}.Debug|x86.Build.0 = Debug|Any CPU
		{7852C39B-137B-48E2-B064-8B6612323383}.Release|Any CPU.ActiveCfg = Release|Any CPU
		{7852C39B-137B-48E2-B064-8B6612323383}.Release|Any CPU.Build.0 = Release|Any CPU
		{7852C39B-137B-48E2-B064-8B6612323383}.Release|x64.ActiveCfg = Release|Any CPU
		{7852C39B-137B-48E2-B064-8B6612323383}.Release|x64.Build.0 = Release|Any CPU
		{7852C39B-137B-48E2-B064-8B6612323383}.Release|x86.ActiveCfg = Release|Any CPU
		{7852C39B-137B-48E2-B064-8B6612323383}.Release|x86.Build.0 = Release|Any CPU
		{1413D8AB-9254-4E42-8F73-319FA58C7742}.Debug|Any CPU.ActiveCfg = Debug|Any CPU
		{1413D8AB-9254-4E42-8F73-319FA58C7742}.Debug|Any CPU.Build.0 = Debug|Any CPU
		{1413D8AB-9254-4E42-8F73-319FA58C7742}.Debug|x64.ActiveCfg = Debug|x64
		{1413D8AB-9254-4E42-8F73-319FA58C7742}.Debug|x64.Build.0 = Debug|x64
		{1413D8AB-9254-4E42-8F73-319FA58C7742}.Debug|x86.ActiveCfg = Debug|x86
		{1413D8AB-9254-4E42-8F73-319FA58C7742}.Debug|x86.Build.0 = Debug|x86
		{1413D8AB-9254-4E42-8F73-319FA58C7742}.Release|Any CPU.ActiveCfg = Release|Any CPU
		{1413D8AB-9254-4E42-8F73-319FA58C7742}.Release|Any CPU.Build.0 = Release|Any CPU
		{1413D8AB-9254-4E42-8F73-319FA58C7742}.Release|x64.ActiveCfg = Release|x64
		{1413D8AB-9254-4E42-8F73-319FA58C7742}.Release|x64.Build.0 = Release|x64
		{1413D8AB-9254-4E42-8F73-319FA58C7742}.Release|x86.ActiveCfg = Release|x86
		{1413D8AB-9254-4E42-8F73-319FA58C7742}.Release|x86.Build.0 = Release|x86
		{DB6F9048-2A83-4BC3-B29E-36F185E2F4C8}.Debug|Any CPU.ActiveCfg = Debug|Any CPU
		{DB6F9048-2A83-4BC3-B29E-36F185E2F4C8}.Debug|Any CPU.Build.0 = Debug|Any CPU
		{DB6F9048-2A83-4BC3-B29E-36F185E2F4C8}.Debug|x64.ActiveCfg = Debug|Any CPU
		{DB6F9048-2A83-4BC3-B29E-36F185E2F4C8}.Debug|x64.Build.0 = Debug|Any CPU
		{DB6F9048-2A83-4BC3-B29E-36F185E2F4C8}.Debug|x86.ActiveCfg = Debug|Any CPU
		{DB6F9048-2A83-4BC3-B29E-36F185E2F4C8}.Debug|x86.Build.0 = Debug|Any CPU
		{DB6F9048-2A83-4BC3-B29E-36F185E2F4C8}.Release|Any CPU.ActiveCfg = Release|Any CPU
		{DB6F9048-2A83-4BC3-B29E-36F185E2F4C8}.Release|Any CPU.Build.0 = Release|Any CPU
		{DB6F9048-2A83-4BC3-B29E-36F185E2F4C8}.Release|x64.ActiveCfg = Release|Any CPU
		{DB6F9048-2A83-4BC3-B29E-36F185E2F4C8}.Release|x64.Build.0 = Release|Any CPU
		{DB6F9048-2A83-4BC3-B29E-36F185E2F4C8}.Release|x86.ActiveCfg = Release|Any CPU
		{DB6F9048-2A83-4BC3-B29E-36F185E2F4C8}.Release|x86.Build.0 = Release|Any CPU
		{19A34A5B-0354-408D-AF53-6B852BB0AB25}.Debug|Any CPU.ActiveCfg = Debug|Any CPU
		{19A34A5B-0354-408D-AF53-6B852BB0AB25}.Debug|Any CPU.Build.0 = Debug|Any CPU
		{19A34A5B-0354-408D-AF53-6B852BB0AB25}.Debug|x64.ActiveCfg = Debug|Any CPU
		{19A34A5B-0354-408D-AF53-6B852BB0AB25}.Debug|x64.Build.0 = Debug|Any CPU
		{19A34A5B-0354-408D-AF53-6B852BB0AB25}.Debug|x86.ActiveCfg = Debug|Any CPU
		{19A34A5B-0354-408D-AF53-6B852BB0AB25}.Debug|x86.Build.0 = Debug|Any CPU
		{19A34A5B-0354-408D-AF53-6B852BB0AB25}.Release|Any CPU.ActiveCfg = Release|Any CPU
		{19A34A5B-0354-408D-AF53-6B852BB0AB25}.Release|Any CPU.Build.0 = Release|Any CPU
		{19A34A5B-0354-408D-AF53-6B852BB0AB25}.Release|x64.ActiveCfg = Release|Any CPU
		{19A34A5B-0354-408D-AF53-6B852BB0AB25}.Release|x64.Build.0 = Release|Any CPU
		{19A34A5B-0354-408D-AF53-6B852BB0AB25}.Release|x86.ActiveCfg = Release|Any CPU
		{19A34A5B-0354-408D-AF53-6B852BB0AB25}.Release|x86.Build.0 = Release|Any CPU
		{139894E5-2335-4583-B449-DC1D2A94937A}.Debug|Any CPU.ActiveCfg = Debug|Any CPU
		{139894E5-2335-4583-B449-DC1D2A94937A}.Debug|Any CPU.Build.0 = Debug|Any CPU
		{139894E5-2335-4583-B449-DC1D2A94937A}.Debug|x64.ActiveCfg = Debug|Any CPU
		{139894E5-2335-4583-B449-DC1D2A94937A}.Debug|x64.Build.0 = Debug|Any CPU
		{139894E5-2335-4583-B449-DC1D2A94937A}.Debug|x86.ActiveCfg = Debug|Any CPU
		{139894E5-2335-4583-B449-DC1D2A94937A}.Debug|x86.Build.0 = Debug|Any CPU
		{139894E5-2335-4583-B449-DC1D2A94937A}.Release|Any CPU.ActiveCfg = Release|Any CPU
		{139894E5-2335-4583-B449-DC1D2A94937A}.Release|Any CPU.Build.0 = Release|Any CPU
		{139894E5-2335-4583-B449-DC1D2A94937A}.Release|x64.ActiveCfg = Release|Any CPU
		{139894E5-2335-4583-B449-DC1D2A94937A}.Release|x64.Build.0 = Release|Any CPU
		{139894E5-2335-4583-B449-DC1D2A94937A}.Release|x86.ActiveCfg = Release|Any CPU
		{139894E5-2335-4583-B449-DC1D2A94937A}.Release|x86.Build.0 = Release|Any CPU
		{6710610A-9C1C-48A4-A83E-66FA467942B1}.Debug|Any CPU.ActiveCfg = Debug|Any CPU
		{6710610A-9C1C-48A4-A83E-66FA467942B1}.Debug|Any CPU.Build.0 = Debug|Any CPU
		{6710610A-9C1C-48A4-A83E-66FA467942B1}.Debug|x64.ActiveCfg = Debug|Any CPU
		{6710610A-9C1C-48A4-A83E-66FA467942B1}.Debug|x64.Build.0 = Debug|Any CPU
		{6710610A-9C1C-48A4-A83E-66FA467942B1}.Debug|x86.ActiveCfg = Debug|Any CPU
		{6710610A-9C1C-48A4-A83E-66FA467942B1}.Debug|x86.Build.0 = Debug|Any CPU
		{6710610A-9C1C-48A4-A83E-66FA467942B1}.Release|Any CPU.ActiveCfg = Release|Any CPU
		{6710610A-9C1C-48A4-A83E-66FA467942B1}.Release|Any CPU.Build.0 = Release|Any CPU
		{6710610A-9C1C-48A4-A83E-66FA467942B1}.Release|x64.ActiveCfg = Release|Any CPU
		{6710610A-9C1C-48A4-A83E-66FA467942B1}.Release|x64.Build.0 = Release|Any CPU
		{6710610A-9C1C-48A4-A83E-66FA467942B1}.Release|x86.ActiveCfg = Release|Any CPU
		{6710610A-9C1C-48A4-A83E-66FA467942B1}.Release|x86.Build.0 = Release|Any CPU
		{91D6B342-9CB0-4E6B-B3D9-9A84B1D7FFB7}.Debug|Any CPU.ActiveCfg = Debug|Any CPU
		{91D6B342-9CB0-4E6B-B3D9-9A84B1D7FFB7}.Debug|Any CPU.Build.0 = Debug|Any CPU
		{91D6B342-9CB0-4E6B-B3D9-9A84B1D7FFB7}.Debug|x64.ActiveCfg = Debug|Any CPU
		{91D6B342-9CB0-4E6B-B3D9-9A84B1D7FFB7}.Debug|x64.Build.0 = Debug|Any CPU
		{91D6B342-9CB0-4E6B-B3D9-9A84B1D7FFB7}.Debug|x86.ActiveCfg = Debug|Any CPU
		{91D6B342-9CB0-4E6B-B3D9-9A84B1D7FFB7}.Debug|x86.Build.0 = Debug|Any CPU
		{91D6B342-9CB0-4E6B-B3D9-9A84B1D7FFB7}.Release|Any CPU.ActiveCfg = Release|Any CPU
		{91D6B342-9CB0-4E6B-B3D9-9A84B1D7FFB7}.Release|Any CPU.Build.0 = Release|Any CPU
		{91D6B342-9CB0-4E6B-B3D9-9A84B1D7FFB7}.Release|x64.ActiveCfg = Release|Any CPU
		{91D6B342-9CB0-4E6B-B3D9-9A84B1D7FFB7}.Release|x64.Build.0 = Release|Any CPU
		{91D6B342-9CB0-4E6B-B3D9-9A84B1D7FFB7}.Release|x86.ActiveCfg = Release|Any CPU
		{91D6B342-9CB0-4E6B-B3D9-9A84B1D7FFB7}.Release|x86.Build.0 = Release|Any CPU
		{A65D2F89-5203-411B-8111-CD0B17B8A642}.Debug|Any CPU.ActiveCfg = Debug|Any CPU
		{A65D2F89-5203-411B-8111-CD0B17B8A642}.Debug|Any CPU.Build.0 = Debug|Any CPU
		{A65D2F89-5203-411B-8111-CD0B17B8A642}.Debug|x64.ActiveCfg = Debug|x64
		{A65D2F89-5203-411B-8111-CD0B17B8A642}.Debug|x64.Build.0 = Debug|x64
		{A65D2F89-5203-411B-8111-CD0B17B8A642}.Debug|x86.ActiveCfg = Debug|x86
		{A65D2F89-5203-411B-8111-CD0B17B8A642}.Debug|x86.Build.0 = Debug|x86
		{A65D2F89-5203-411B-8111-CD0B17B8A642}.Release|Any CPU.ActiveCfg = Release|Any CPU
		{A65D2F89-5203-411B-8111-CD0B17B8A642}.Release|Any CPU.Build.0 = Release|Any CPU
		{A65D2F89-5203-411B-8111-CD0B17B8A642}.Release|x64.ActiveCfg = Release|x64
		{A65D2F89-5203-411B-8111-CD0B17B8A642}.Release|x64.Build.0 = Release|x64
		{A65D2F89-5203-411B-8111-CD0B17B8A642}.Release|x86.ActiveCfg = Release|x86
		{A65D2F89-5203-411B-8111-CD0B17B8A642}.Release|x86.Build.0 = Release|x86
		{27EE122C-A84C-408A-B8E4-F42586B13124}.Debug|Any CPU.ActiveCfg = Debug|Any CPU
		{27EE122C-A84C-408A-B8E4-F42586B13124}.Debug|Any CPU.Build.0 = Debug|Any CPU
		{27EE122C-A84C-408A-B8E4-F42586B13124}.Debug|x64.ActiveCfg = Debug|Any CPU
		{27EE122C-A84C-408A-B8E4-F42586B13124}.Debug|x64.Build.0 = Debug|Any CPU
		{27EE122C-A84C-408A-B8E4-F42586B13124}.Debug|x86.ActiveCfg = Debug|Any CPU
		{27EE122C-A84C-408A-B8E4-F42586B13124}.Debug|x86.Build.0 = Debug|Any CPU
		{27EE122C-A84C-408A-B8E4-F42586B13124}.Release|Any CPU.ActiveCfg = Release|Any CPU
		{27EE122C-A84C-408A-B8E4-F42586B13124}.Release|Any CPU.Build.0 = Release|Any CPU
		{27EE122C-A84C-408A-B8E4-F42586B13124}.Release|x64.ActiveCfg = Release|Any CPU
		{27EE122C-A84C-408A-B8E4-F42586B13124}.Release|x64.Build.0 = Release|Any CPU
		{27EE122C-A84C-408A-B8E4-F42586B13124}.Release|x86.ActiveCfg = Release|Any CPU
		{27EE122C-A84C-408A-B8E4-F42586B13124}.Release|x86.Build.0 = Release|Any CPU
		{4D13834B-A75B-4737-BC37-F520D12A69D0}.Debug|Any CPU.ActiveCfg = Debug|Any CPU
		{4D13834B-A75B-4737-BC37-F520D12A69D0}.Debug|Any CPU.Build.0 = Debug|Any CPU
		{4D13834B-A75B-4737-BC37-F520D12A69D0}.Debug|x64.ActiveCfg = Debug|Any CPU
		{4D13834B-A75B-4737-BC37-F520D12A69D0}.Debug|x64.Build.0 = Debug|Any CPU
		{4D13834B-A75B-4737-BC37-F520D12A69D0}.Debug|x86.ActiveCfg = Debug|Any CPU
		{4D13834B-A75B-4737-BC37-F520D12A69D0}.Debug|x86.Build.0 = Debug|Any CPU
		{4D13834B-A75B-4737-BC37-F520D12A69D0}.Release|Any CPU.ActiveCfg = Release|Any CPU
		{4D13834B-A75B-4737-BC37-F520D12A69D0}.Release|Any CPU.Build.0 = Release|Any CPU
		{4D13834B-A75B-4737-BC37-F520D12A69D0}.Release|x64.ActiveCfg = Release|Any CPU
		{4D13834B-A75B-4737-BC37-F520D12A69D0}.Release|x64.Build.0 = Release|Any CPU
		{4D13834B-A75B-4737-BC37-F520D12A69D0}.Release|x86.ActiveCfg = Release|Any CPU
		{4D13834B-A75B-4737-BC37-F520D12A69D0}.Release|x86.Build.0 = Release|Any CPU
		{DD0029C3-11C2-4DC9-9ED6-EE49BD9EF999}.Debug|Any CPU.ActiveCfg = Debug|Any CPU
		{DD0029C3-11C2-4DC9-9ED6-EE49BD9EF999}.Debug|Any CPU.Build.0 = Debug|Any CPU
		{DD0029C3-11C2-4DC9-9ED6-EE49BD9EF999}.Debug|x64.ActiveCfg = Debug|Any CPU
		{DD0029C3-11C2-4DC9-9ED6-EE49BD9EF999}.Debug|x64.Build.0 = Debug|Any CPU
		{DD0029C3-11C2-4DC9-9ED6-EE49BD9EF999}.Debug|x86.ActiveCfg = Debug|Any CPU
		{DD0029C3-11C2-4DC9-9ED6-EE49BD9EF999}.Debug|x86.Build.0 = Debug|Any CPU
		{DD0029C3-11C2-4DC9-9ED6-EE49BD9EF999}.Release|Any CPU.ActiveCfg = Release|Any CPU
		{DD0029C3-11C2-4DC9-9ED6-EE49BD9EF999}.Release|Any CPU.Build.0 = Release|Any CPU
		{DD0029C3-11C2-4DC9-9ED6-EE49BD9EF999}.Release|x64.ActiveCfg = Release|Any CPU
		{DD0029C3-11C2-4DC9-9ED6-EE49BD9EF999}.Release|x64.Build.0 = Release|Any CPU
		{DD0029C3-11C2-4DC9-9ED6-EE49BD9EF999}.Release|x86.ActiveCfg = Release|Any CPU
		{DD0029C3-11C2-4DC9-9ED6-EE49BD9EF999}.Release|x86.Build.0 = Release|Any CPU
		{EE881E82-47E9-498E-B6CA-776106B52BCC}.Debug|Any CPU.ActiveCfg = Debug|Any CPU
		{EE881E82-47E9-498E-B6CA-776106B52BCC}.Debug|Any CPU.Build.0 = Debug|Any CPU
		{EE881E82-47E9-498E-B6CA-776106B52BCC}.Debug|x64.ActiveCfg = Debug|Any CPU
		{EE881E82-47E9-498E-B6CA-776106B52BCC}.Debug|x64.Build.0 = Debug|Any CPU
		{EE881E82-47E9-498E-B6CA-776106B52BCC}.Debug|x86.ActiveCfg = Debug|Any CPU
		{EE881E82-47E9-498E-B6CA-776106B52BCC}.Debug|x86.Build.0 = Debug|Any CPU
		{EE881E82-47E9-498E-B6CA-776106B52BCC}.Release|Any CPU.ActiveCfg = Release|Any CPU
		{EE881E82-47E9-498E-B6CA-776106B52BCC}.Release|Any CPU.Build.0 = Release|Any CPU
		{EE881E82-47E9-498E-B6CA-776106B52BCC}.Release|x64.ActiveCfg = Release|Any CPU
		{EE881E82-47E9-498E-B6CA-776106B52BCC}.Release|x64.Build.0 = Release|Any CPU
		{EE881E82-47E9-498E-B6CA-776106B52BCC}.Release|x86.ActiveCfg = Release|Any CPU
		{EE881E82-47E9-498E-B6CA-776106B52BCC}.Release|x86.Build.0 = Release|Any CPU
		{77A112B1-5440-440B-A0F6-2EDCC5B093CB}.Debug|Any CPU.ActiveCfg = Debug|Any CPU
		{77A112B1-5440-440B-A0F6-2EDCC5B093CB}.Debug|Any CPU.Build.0 = Debug|Any CPU
		{77A112B1-5440-440B-A0F6-2EDCC5B093CB}.Debug|x64.ActiveCfg = Debug|Any CPU
		{77A112B1-5440-440B-A0F6-2EDCC5B093CB}.Debug|x64.Build.0 = Debug|Any CPU
		{77A112B1-5440-440B-A0F6-2EDCC5B093CB}.Debug|x86.ActiveCfg = Debug|Any CPU
		{77A112B1-5440-440B-A0F6-2EDCC5B093CB}.Debug|x86.Build.0 = Debug|Any CPU
		{77A112B1-5440-440B-A0F6-2EDCC5B093CB}.Release|Any CPU.ActiveCfg = Release|Any CPU
		{77A112B1-5440-440B-A0F6-2EDCC5B093CB}.Release|Any CPU.Build.0 = Release|Any CPU
		{77A112B1-5440-440B-A0F6-2EDCC5B093CB}.Release|x64.ActiveCfg = Release|Any CPU
		{77A112B1-5440-440B-A0F6-2EDCC5B093CB}.Release|x64.Build.0 = Release|Any CPU
		{77A112B1-5440-440B-A0F6-2EDCC5B093CB}.Release|x86.ActiveCfg = Release|Any CPU
		{77A112B1-5440-440B-A0F6-2EDCC5B093CB}.Release|x86.Build.0 = Release|Any CPU
	EndGlobalSection
	GlobalSection(SolutionProperties) = preSolution
		HideSolutionNode = FALSE
	EndGlobalSection
	GlobalSection(NestedProjects) = preSolution
		{A65BDECA-8F8C-43AF-812B-B0753E22C93F} = {A139655F-0F72-4C13-B796-5C91A8B0DD87}
		{DAD992F4-FFDE-4ECC-8FD5-1556FDE556BF} = {A139655F-0F72-4C13-B796-5C91A8B0DD87}
		{C2FF0762-AA5D-4C42-8249-339EB1D2D5F0} = {26676A3B-360E-4895-89F3-59002C70BEF9}
		{82AD9932-5319-4CE8-A398-75B91133FEEC} = {26676A3B-360E-4895-89F3-59002C70BEF9}
		{7852C39B-137B-48E2-B064-8B6612323383} = {5C5C0322-DCAB-4005-8A1C-6A1D48E4F45A}
		{1413D8AB-9254-4E42-8F73-319FA58C7742} = {5C5C0322-DCAB-4005-8A1C-6A1D48E4F45A}
		{DB6F9048-2A83-4BC3-B29E-36F185E2F4C8} = {26676A3B-360E-4895-89F3-59002C70BEF9}
		{19A34A5B-0354-408D-AF53-6B852BB0AB25} = {5C5C0322-DCAB-4005-8A1C-6A1D48E4F45A}
		{139894E5-2335-4583-B449-DC1D2A94937A} = {5C5C0322-DCAB-4005-8A1C-6A1D48E4F45A}
		{6710610A-9C1C-48A4-A83E-66FA467942B1} = {A139655F-0F72-4C13-B796-5C91A8B0DD87}
		{91D6B342-9CB0-4E6B-B3D9-9A84B1D7FFB7} = {5C5C0322-DCAB-4005-8A1C-6A1D48E4F45A}
		{A65D2F89-5203-411B-8111-CD0B17B8A642} = {5C5C0322-DCAB-4005-8A1C-6A1D48E4F45A}
		{27EE122C-A84C-408A-B8E4-F42586B13124} = {A139655F-0F72-4C13-B796-5C91A8B0DD87}
		{4D13834B-A75B-4737-BC37-F520D12A69D0} = {A139655F-0F72-4C13-B796-5C91A8B0DD87}
		{DD0029C3-11C2-4DC9-9ED6-EE49BD9EF999} = {26676A3B-360E-4895-89F3-59002C70BEF9}
		{EE881E82-47E9-498E-B6CA-776106B52BCC} = {5C5C0322-DCAB-4005-8A1C-6A1D48E4F45A}
		{77A112B1-5440-440B-A0F6-2EDCC5B093CB} = {5C5C0322-DCAB-4005-8A1C-6A1D48E4F45A}
	EndGlobalSection
	GlobalSection(ExtensibilityGlobals) = postSolution
		SolutionGuid = {ECF14994-4EE2-4629-9C56-3EE94261AD31}
	EndGlobalSection
EndGlobal
