
Microsoft Visual Studio Solution File, Format Version 12.00
# Visual Studio Version 16
VisualStudioVersion = 16.0.30204.135
MinimumVisualStudioVersion = 10.0.40219.1
Project("{F184B08F-C81C-45F6-A57F-5ABD9991F28F}") = "Quote of the Day", "Quote of the Day\Quote of the Day.vbproj", "{2644F017-4B9D-474C-87A4-BE6B5C41D382}"
EndProject
Project("{F184B08F-C81C-45F6-A57F-5ABD9991F28F}") = "environment", "..\..\Environment\environment\environment\environment.vbproj", "{82AD9932-5319-4CE8-A398-75B91133FEEC}"
EndProject
Global
	GlobalSection(SolutionConfigurationPlatforms) = preSolution
		Debug|Any CPU = Debug|Any CPU
		Release|Any CPU = Release|Any CPU
	EndGlobalSection
	GlobalSection(ProjectConfigurationPlatforms) = postSolution
		{2644F017-4B9D-474C-87A4-BE6B5C41D382}.Debug|Any CPU.ActiveCfg = Debug|Any CPU
		{2644F017-4B9D-474C-87A4-BE6B5C41D382}.Debug|Any CPU.Build.0 = Debug|Any CPU
		{2644F017-4B9D-474C-87A4-BE6B5C41D382}.Release|Any CPU.ActiveCfg = Release|Any CPU
		{2644F017-4B9D-474C-87A4-BE6B5C41D382}.Release|Any CPU.Build.0 = Release|Any CPU
		{82AD9932-5319-4CE8-A398-75B91133FEEC}.Debug|Any CPU.ActiveCfg = Debug|Any CPU
		{82AD9932-5319-4CE8-A398-75B91133FEEC}.Debug|Any CPU.Build.0 = Debug|Any CPU
		{82AD9932-5319-4CE8-A398-75B91133FEEC}.Release|Any CPU.ActiveCfg = Release|Any CPU
		{82AD9932-5319-4CE8-A398-75B91133FEEC}.Release|Any CPU.Build.0 = Release|Any CPU
	EndGlobalSection
	GlobalSection(SolutionProperties) = preSolution
		HideSolutionNode = FALSE
	EndGlobalSection
	GlobalSection(ExtensibilityGlobals) = postSolution
		SolutionGuid = {9FF6D16C-3AAA-49ED-8E66-A6D77F222FCA}
	EndGlobalSection
EndGlobal
