
Microsoft Visual Studio Solution File, Format Version 12.00
# Visual Studio Version 17
VisualStudioVersion = 17.4.32912.340
MinimumVisualStudioVersion = 10.0.40219.1
Project("{2150E333-8FDC-42A3-9474-1A3956D46DE8}") = "Solution Items", "Solution Items", "{1F9A5CED-4C8D-491F-95AD-662E520FC028}"
	ProjectSection(SolutionItems) = preProject
		.editorconfig = .editorconfig
	EndProjectSection
EndProject
Project("{2150E333-8FDC-42A3-9474-1A3956D46DE8}") = "DLL Files", "DLL Files", "{9EF373CE-B4E4-4D81-AED4-2A2B9072E6D4}"
EndProject
Project("{2150E333-8FDC-42A3-9474-1A3956D46DE8}") = "Features", "Features", "{0CB8753E-D37C-461A-A19A-DEC638AF689A}"
EndProject
Project("{2150E333-8FDC-42A3-9474-1A3956D46DE8}") = "workers", "workers", "{CCA16190-763E-47AF-BAFC-7D5C84DD875F}"
EndProject
Project("{2150E333-8FDC-42A3-9474-1A3956D46DE8}") = "workers.attendance", "workers.attendance", "{7CB9B6CE-5299-4ECD-8F20-423E00FFA3EF}"
EndProject
Project("{2150E333-8FDC-42A3-9474-1A3956D46DE8}") = "constructionSite", "constructionSite", "{C9986558-8C9B-4F8E-8CFE-B5E90E638AC7}"
EndProject
Project("{2150E333-8FDC-42A3-9474-1A3956D46DE8}") = "Foreman", "Foreman", "{61A11FF1-3C50-4001-8AD9-1149A52D6541}"
EndProject
Project("{2150E333-8FDC-42A3-9474-1A3956D46DE8}") = "Engineering", "Engineering", "{BCE803E5-C79D-4FD8-94CF-D44C598596F4}"
EndProject
Project("{2150E333-8FDC-42A3-9474-1A3956D46DE8}") = "Construction Site Logistics Apps", "Construction Site Logistics Apps", "{4A01052D-0F57-4DF5-B985-CD1C7CC89D75}"
EndProject
Project("{2150E333-8FDC-42A3-9474-1A3956D46DE8}") = "Office", "Office", "{87D88E5D-8A1D-46FB-B65F-312591AC0BE0}"
EndProject
Project("{2150E333-8FDC-42A3-9474-1A3956D46DE8}") = "Projects", "Projects", "{B8E8BDC3-DAE8-4A17-9527-CD6BA48F8BFD}"
EndProject
Project("{2150E333-8FDC-42A3-9474-1A3956D46DE8}") = "Construction Materials", "Construction Materials", "{E9BA655D-2437-45C1-A797-86C76F7AC746}"
EndProject
Project("{2150E333-8FDC-42A3-9474-1A3956D46DE8}") = "Shared Files", "Shared Files", "{D031526B-63C3-4DF7-986B-AD80AE0B2891}"
EndProject
Project("{F184B08F-C81C-45F6-A57F-5ABD9991F28F}") = "site.activity", "Construction Site Logistics DlLLs\site\site.activity.vbproj", "{98431DF3-285B-4E4C-B198-DA7DA9A6C4B3}"
EndProject
Project("{F184B08F-C81C-45F6-A57F-5ABD9991F28F}") = "site.management", "Construction Site Logistics DlLLs\site.management\site.management.vbproj", "{823E884B-ADA1-48B9-88FF-B3FD57D82E01}"
EndProject
Project("{F184B08F-C81C-45F6-A57F-5ABD9991F28F}") = "site.teams", "Construction Site Logistics DlLLs\teams\site.teams.vbproj", "{5BABB4A5-63DA-4DBF-8813-4F15E9CE782D}"
EndProject
Project("{F184B08F-C81C-45F6-A57F-5ABD9991F28F}") = "attendance", "Construction Site Logistics DlLLs\attendance\attendance.vbproj", "{80F9F28A-AD01-46F1-845B-80716EE04932}"
EndProject
Project("{F184B08F-C81C-45F6-A57F-5ABD9991F28F}") = "attendance.report", "Construction Site Logistics DlLLs\attendance.report\attendance.report.vbproj", "{6E9A9ABE-5398-4275-85E9-DC6BF554CAB4}"
EndProject
Project("{F184B08F-C81C-45F6-A57F-5ABD9991F28F}") = "workers", "Construction Site Logistics DlLLs\workers\workers.vbproj", "{A06577B2-E6A2-438E-AF33-75C7F7B874F1}"
EndProject
Project("{F184B08F-C81C-45F6-A57F-5ABD9991F28F}") = "workers.locate", "Construction Site Logistics DlLLs\workers.locate\workers.locate.vbproj", "{61A382BB-7719-4F58-8764-C51A5374954B}"
EndProject
Project("{F184B08F-C81C-45F6-A57F-5ABD9991F28F}") = "workers.templates", "Construction Site Logistics DlLLs\workers.templates\workers.templates.vbproj", "{2D66D2E1-03ED-40CE-AA44-FABB3571F045}"
EndProject
Project("{F184B08F-C81C-45F6-A57F-5ABD9991F28F}") = "absences", "Construction Site Logistics DlLLs\absences\absences.vbproj", "{B9A43482-4B0F-4A37-8C28-7BCB31707DC8}"
EndProject
Project("{F184B08F-C81C-45F6-A57F-5ABD9991F28F}") = "clothes", "Construction Site Logistics DlLLs\clothes\clothes.vbproj", "{4291B17E-46DF-411E-A752-723EEEE8E86C}"
EndProject
Project("{F184B08F-C81C-45F6-A57F-5ABD9991F28F}") = "contactless.smartcards.library", "Construction Site Logistics DlLLs\contactless.smartcards\contactless.smartcards.library.vbproj", "{46318B4A-F3FD-4433-A641-23CB0ED3EF5F}"
EndProject
Project("{2150E333-8FDC-42A3-9474-1A3956D46DE8}") = "AddOns", "AddOns", "{DD0A55CC-B80F-4199-879D-5E88ECE8A2AE}"
EndProject
Project("{F184B08F-C81C-45F6-A57F-5ABD9991F28F}") = "Meteo", "AddOns\Meteo\Meteo.vbproj", "{C90CD5DF-4E2E-4CF6-8206-CCF0E831AB77}"
EndProject
Project("{F184B08F-C81C-45F6-A57F-5ABD9991F28F}") = "web translation", "AddOns\Google Translation\web translation.vbproj", "{B13CE5AB-E69C-4B90-983C-E8C3587B66BA}"
EndProject
Project("{2150E333-8FDC-42A3-9474-1A3956D46DE8}") = "Functionalities", "Functionalities", "{E5B89B71-CAA2-47A0-94C1-40BA00A537E0}"
EndProject
Project("{F184B08F-C81C-45F6-A57F-5ABD9991F28F}") = "site.Planning", "Construction Site Logistics DlLLs\Planning\site.Planning.vbproj", "{E9C34B9E-1F1F-4DCD-B50C-92B2715CDC8D}"
EndProject
Project("{2150E333-8FDC-42A3-9474-1A3956D46DE8}") = "Translation Files", "Translation Files", "{ADBCD0AD-39C6-410D-BFF8-FADD050DF8EE}"
	ProjectSection(SolutionItems) = preProject
		code Snippets.txt = code Snippets.txt
		App Translations\en.eon = App Translations\en.eon
		App Translations\fr.eon = App Translations\fr.eon
		App Translations\nl.eon = App Translations\nl.eon
		App Translations\pt.eon = App Translations\pt.eon
	EndProjectSection
EndProject
Project("{F184B08F-C81C-45F6-A57F-5ABD9991F28F}") = "GUI libraries", "Shared Code\GUI\GUI libraries.vbproj", "{26346EB3-CD2B-4AAA-AF58-99118A2E6D74}"
EndProject
Project("{F184B08F-C81C-45F6-A57F-5ABD9991F28F}") = "Core Libraries", "Shared Code\Core Libraries\Core Libraries.vbproj", "{0F6BD189-ED33-45CC-96F8-0DF6B1037CC3}"
EndProject
Project("{F184B08F-C81C-45F6-A57F-5ABD9991F28F}") = "Export Data Libraries", "Shared Code\Export Data Libraries\Export Data Libraries.vbproj", "{B0536720-641B-4CEC-800A-2708F61DD76D}"
EndProject
Project("{F184B08F-C81C-45F6-A57F-5ABD9991F28F}") = "GUI Forms Shared", "Shared Code\Forms\GUI Forms Shared.vbproj", "{2ABF48A9-BD5D-4C44-AB0D-D6F2E3B55FFE}"
EndProject
Project("{F184B08F-C81C-45F6-A57F-5ABD9991F28F}") = "Building Materials", "Apps\Building Materials\Building Materials\Building Materials.vbproj", "{CB689F6B-C7E4-4504-BC68-A96F2A2C59FC}"
EndProject
Project("{F184B08F-C81C-45F6-A57F-5ABD9991F28F}") = "Engineering", "Apps\Engineering\Engineering\Engineering.vbproj", "{9834BAFF-9F8D-4C30-9E0D-DF7367DEE748}"
EndProject
Project("{F184B08F-C81C-45F6-A57F-5ABD9991F28F}") = "Foreman", "Apps\Foreman\Foreman\Foreman.vbproj", "{1852FE27-7DBA-42D5-9D0D-4EEC7033B5D1}"
EndProject
Project("{F184B08F-C81C-45F6-A57F-5ABD9991F28F}") = "Setup Wizard Clear", "Shared Code\Setup Wizard Clear Files\Setup Wizard Clear.vbproj", "{CE954774-6743-44AA-9921-A4A7D537B937}"
EndProject
Project("{2150E333-8FDC-42A3-9474-1A3956D46DE8}") = "Contactless SmartCards", "Contactless SmartCards", "{488583FE-09BC-45E9-A530-355BA214ECB1}"
EndProject
Project("{F184B08F-C81C-45F6-A57F-5ABD9991F28F}") = "Contactless SmartCards GUI", "Construction Site Logistics DlLLs\Contactless SmartCards GUI\Contactless SmartCards GUI.vbproj", "{00D1229D-CA73-49A6-AA12-7382D2242E85}"
EndProject
Project("{F184B08F-C81C-45F6-A57F-5ABD9991F28F}") = "Office", "Apps\Office\Office\Office.vbproj", "{B78F0EE6-F9A3-4B7B-BB59-62E41EF59743}"
EndProject
Project("{F184B08F-C81C-45F6-A57F-5ABD9991F28F}") = "Projects", "Apps\Project\Projects\Projects.vbproj", "{CC5F189D-3CD9-4172-B183-65C23D5C9748}"
EndProject
Project("{F184B08F-C81C-45F6-A57F-5ABD9991F28F}") = "site.shared", "Construction Site Logistics DlLLs\site shared\Construction Site Shared\site.shared.vbproj", "{E2983499-D568-4F6F-B425-508863F9DDCB}"
EndProject
Global
	GlobalSection(SolutionConfigurationPlatforms) = preSolution
		Debug|Any CPU = Debug|Any CPU
		Debug|x64 = Debug|x64
		Debug|x86 = Debug|x86
		Release|Any CPU = Release|Any CPU
		Release|x64 = Release|x64
		Release|x86 = Release|x86
	EndGlobalSection
	GlobalSection(ProjectConfigurationPlatforms) = postSolution
		{98431DF3-285B-4E4C-B198-DA7DA9A6C4B3}.Debug|Any CPU.ActiveCfg = Debug|Any CPU
		{98431DF3-285B-4E4C-B198-DA7DA9A6C4B3}.Debug|Any CPU.Build.0 = Debug|Any CPU
		{98431DF3-285B-4E4C-B198-DA7DA9A6C4B3}.Debug|x64.ActiveCfg = Debug|Any CPU
		{98431DF3-285B-4E4C-B198-DA7DA9A6C4B3}.Debug|x64.Build.0 = Debug|Any CPU
		{98431DF3-285B-4E4C-B198-DA7DA9A6C4B3}.Debug|x86.ActiveCfg = Debug|Any CPU
		{98431DF3-285B-4E4C-B198-DA7DA9A6C4B3}.Debug|x86.Build.0 = Debug|Any CPU
		{98431DF3-285B-4E4C-B198-DA7DA9A6C4B3}.Release|Any CPU.ActiveCfg = Release|Any CPU
		{98431DF3-285B-4E4C-B198-DA7DA9A6C4B3}.Release|Any CPU.Build.0 = Release|Any CPU
		{98431DF3-285B-4E4C-B198-DA7DA9A6C4B3}.Release|x64.ActiveCfg = Release|Any CPU
		{98431DF3-285B-4E4C-B198-DA7DA9A6C4B3}.Release|x64.Build.0 = Release|Any CPU
		{98431DF3-285B-4E4C-B198-DA7DA9A6C4B3}.Release|x86.ActiveCfg = Release|Any CPU
		{98431DF3-285B-4E4C-B198-DA7DA9A6C4B3}.Release|x86.Build.0 = Release|Any CPU
		{823E884B-ADA1-48B9-88FF-B3FD57D82E01}.Debug|Any CPU.ActiveCfg = Debug|Any CPU
		{823E884B-ADA1-48B9-88FF-B3FD57D82E01}.Debug|Any CPU.Build.0 = Debug|Any CPU
		{823E884B-ADA1-48B9-88FF-B3FD57D82E01}.Debug|x64.ActiveCfg = Debug|Any CPU
		{823E884B-ADA1-48B9-88FF-B3FD57D82E01}.Debug|x64.Build.0 = Debug|Any CPU
		{823E884B-ADA1-48B9-88FF-B3FD57D82E01}.Debug|x86.ActiveCfg = Debug|Any CPU
		{823E884B-ADA1-48B9-88FF-B3FD57D82E01}.Debug|x86.Build.0 = Debug|Any CPU
		{823E884B-ADA1-48B9-88FF-B3FD57D82E01}.Release|Any CPU.ActiveCfg = Release|Any CPU
		{823E884B-ADA1-48B9-88FF-B3FD57D82E01}.Release|Any CPU.Build.0 = Release|Any CPU
		{823E884B-ADA1-48B9-88FF-B3FD57D82E01}.Release|x64.ActiveCfg = Release|Any CPU
		{823E884B-ADA1-48B9-88FF-B3FD57D82E01}.Release|x64.Build.0 = Release|Any CPU
		{823E884B-ADA1-48B9-88FF-B3FD57D82E01}.Release|x86.ActiveCfg = Release|Any CPU
		{823E884B-ADA1-48B9-88FF-B3FD57D82E01}.Release|x86.Build.0 = Release|Any CPU
		{5BABB4A5-63DA-4DBF-8813-4F15E9CE782D}.Debug|Any CPU.ActiveCfg = Debug|Any CPU
		{5BABB4A5-63DA-4DBF-8813-4F15E9CE782D}.Debug|Any CPU.Build.0 = Debug|Any CPU
		{5BABB4A5-63DA-4DBF-8813-4F15E9CE782D}.Debug|x64.ActiveCfg = Debug|Any CPU
		{5BABB4A5-63DA-4DBF-8813-4F15E9CE782D}.Debug|x64.Build.0 = Debug|Any CPU
		{5BABB4A5-63DA-4DBF-8813-4F15E9CE782D}.Debug|x86.ActiveCfg = Debug|Any CPU
		{5BABB4A5-63DA-4DBF-8813-4F15E9CE782D}.Debug|x86.Build.0 = Debug|Any CPU
		{5BABB4A5-63DA-4DBF-8813-4F15E9CE782D}.Release|Any CPU.ActiveCfg = Release|Any CPU
		{5BABB4A5-63DA-4DBF-8813-4F15E9CE782D}.Release|Any CPU.Build.0 = Release|Any CPU
		{5BABB4A5-63DA-4DBF-8813-4F15E9CE782D}.Release|x64.ActiveCfg = Release|Any CPU
		{5BABB4A5-63DA-4DBF-8813-4F15E9CE782D}.Release|x64.Build.0 = Release|Any CPU
		{5BABB4A5-63DA-4DBF-8813-4F15E9CE782D}.Release|x86.ActiveCfg = Release|Any CPU
		{5BABB4A5-63DA-4DBF-8813-4F15E9CE782D}.Release|x86.Build.0 = Release|Any CPU
		{80F9F28A-AD01-46F1-845B-80716EE04932}.Debug|Any CPU.ActiveCfg = Debug|Any CPU
		{80F9F28A-AD01-46F1-845B-80716EE04932}.Debug|Any CPU.Build.0 = Debug|Any CPU
		{80F9F28A-AD01-46F1-845B-80716EE04932}.Debug|x64.ActiveCfg = Debug|Any CPU
		{80F9F28A-AD01-46F1-845B-80716EE04932}.Debug|x64.Build.0 = Debug|Any CPU
		{80F9F28A-AD01-46F1-845B-80716EE04932}.Debug|x86.ActiveCfg = Debug|Any CPU
		{80F9F28A-AD01-46F1-845B-80716EE04932}.Debug|x86.Build.0 = Debug|Any CPU
		{80F9F28A-AD01-46F1-845B-80716EE04932}.Release|Any CPU.ActiveCfg = Release|Any CPU
		{80F9F28A-AD01-46F1-845B-80716EE04932}.Release|Any CPU.Build.0 = Release|Any CPU
		{80F9F28A-AD01-46F1-845B-80716EE04932}.Release|x64.ActiveCfg = Release|Any CPU
		{80F9F28A-AD01-46F1-845B-80716EE04932}.Release|x64.Build.0 = Release|Any CPU
		{80F9F28A-AD01-46F1-845B-80716EE04932}.Release|x86.ActiveCfg = Release|Any CPU
		{80F9F28A-AD01-46F1-845B-80716EE04932}.Release|x86.Build.0 = Release|Any CPU
		{6E9A9ABE-5398-4275-85E9-DC6BF554CAB4}.Debug|Any CPU.ActiveCfg = Debug|Any CPU
		{6E9A9ABE-5398-4275-85E9-DC6BF554CAB4}.Debug|Any CPU.Build.0 = Debug|Any CPU
		{6E9A9ABE-5398-4275-85E9-DC6BF554CAB4}.Debug|x64.ActiveCfg = Debug|Any CPU
		{6E9A9ABE-5398-4275-85E9-DC6BF554CAB4}.Debug|x64.Build.0 = Debug|Any CPU
		{6E9A9ABE-5398-4275-85E9-DC6BF554CAB4}.Debug|x86.ActiveCfg = Debug|Any CPU
		{6E9A9ABE-5398-4275-85E9-DC6BF554CAB4}.Debug|x86.Build.0 = Debug|Any CPU
		{6E9A9ABE-5398-4275-85E9-DC6BF554CAB4}.Release|Any CPU.ActiveCfg = Release|Any CPU
		{6E9A9ABE-5398-4275-85E9-DC6BF554CAB4}.Release|Any CPU.Build.0 = Release|Any CPU
		{6E9A9ABE-5398-4275-85E9-DC6BF554CAB4}.Release|x64.ActiveCfg = Release|Any CPU
		{6E9A9ABE-5398-4275-85E9-DC6BF554CAB4}.Release|x64.Build.0 = Release|Any CPU
		{6E9A9ABE-5398-4275-85E9-DC6BF554CAB4}.Release|x86.ActiveCfg = Release|Any CPU
		{6E9A9ABE-5398-4275-85E9-DC6BF554CAB4}.Release|x86.Build.0 = Release|Any CPU
		{A06577B2-E6A2-438E-AF33-75C7F7B874F1}.Debug|Any CPU.ActiveCfg = Debug|Any CPU
		{A06577B2-E6A2-438E-AF33-75C7F7B874F1}.Debug|Any CPU.Build.0 = Debug|Any CPU
		{A06577B2-E6A2-438E-AF33-75C7F7B874F1}.Debug|x64.ActiveCfg = Debug|Any CPU
		{A06577B2-E6A2-438E-AF33-75C7F7B874F1}.Debug|x64.Build.0 = Debug|Any CPU
		{A06577B2-E6A2-438E-AF33-75C7F7B874F1}.Debug|x86.ActiveCfg = Debug|Any CPU
		{A06577B2-E6A2-438E-AF33-75C7F7B874F1}.Debug|x86.Build.0 = Debug|Any CPU
		{A06577B2-E6A2-438E-AF33-75C7F7B874F1}.Release|Any CPU.ActiveCfg = Release|Any CPU
		{A06577B2-E6A2-438E-AF33-75C7F7B874F1}.Release|Any CPU.Build.0 = Release|Any CPU
		{A06577B2-E6A2-438E-AF33-75C7F7B874F1}.Release|x64.ActiveCfg = Release|Any CPU
		{A06577B2-E6A2-438E-AF33-75C7F7B874F1}.Release|x64.Build.0 = Release|Any CPU
		{A06577B2-E6A2-438E-AF33-75C7F7B874F1}.Release|x86.ActiveCfg = Release|Any CPU
		{A06577B2-E6A2-438E-AF33-75C7F7B874F1}.Release|x86.Build.0 = Release|Any CPU
		{61A382BB-7719-4F58-8764-C51A5374954B}.Debug|Any CPU.ActiveCfg = Debug|Any CPU
		{61A382BB-7719-4F58-8764-C51A5374954B}.Debug|Any CPU.Build.0 = Debug|Any CPU
		{61A382BB-7719-4F58-8764-C51A5374954B}.Debug|x64.ActiveCfg = Debug|Any CPU
		{61A382BB-7719-4F58-8764-C51A5374954B}.Debug|x64.Build.0 = Debug|Any CPU
		{61A382BB-7719-4F58-8764-C51A5374954B}.Debug|x86.ActiveCfg = Debug|Any CPU
		{61A382BB-7719-4F58-8764-C51A5374954B}.Debug|x86.Build.0 = Debug|Any CPU
		{61A382BB-7719-4F58-8764-C51A5374954B}.Release|Any CPU.ActiveCfg = Release|Any CPU
		{61A382BB-7719-4F58-8764-C51A5374954B}.Release|Any CPU.Build.0 = Release|Any CPU
		{61A382BB-7719-4F58-8764-C51A5374954B}.Release|x64.ActiveCfg = Release|Any CPU
		{61A382BB-7719-4F58-8764-C51A5374954B}.Release|x64.Build.0 = Release|Any CPU
		{61A382BB-7719-4F58-8764-C51A5374954B}.Release|x86.ActiveCfg = Release|Any CPU
		{61A382BB-7719-4F58-8764-C51A5374954B}.Release|x86.Build.0 = Release|Any CPU
		{2D66D2E1-03ED-40CE-AA44-FABB3571F045}.Debug|Any CPU.ActiveCfg = Debug|Any CPU
		{2D66D2E1-03ED-40CE-AA44-FABB3571F045}.Debug|Any CPU.Build.0 = Debug|Any CPU
		{2D66D2E1-03ED-40CE-AA44-FABB3571F045}.Debug|x64.ActiveCfg = Debug|Any CPU
		{2D66D2E1-03ED-40CE-AA44-FABB3571F045}.Debug|x64.Build.0 = Debug|Any CPU
		{2D66D2E1-03ED-40CE-AA44-FABB3571F045}.Debug|x86.ActiveCfg = Debug|Any CPU
		{2D66D2E1-03ED-40CE-AA44-FABB3571F045}.Debug|x86.Build.0 = Debug|Any CPU
		{2D66D2E1-03ED-40CE-AA44-FABB3571F045}.Release|Any CPU.ActiveCfg = Release|Any CPU
		{2D66D2E1-03ED-40CE-AA44-FABB3571F045}.Release|Any CPU.Build.0 = Release|Any CPU
		{2D66D2E1-03ED-40CE-AA44-FABB3571F045}.Release|x64.ActiveCfg = Release|Any CPU
		{2D66D2E1-03ED-40CE-AA44-FABB3571F045}.Release|x64.Build.0 = Release|Any CPU
		{2D66D2E1-03ED-40CE-AA44-FABB3571F045}.Release|x86.ActiveCfg = Release|Any CPU
		{2D66D2E1-03ED-40CE-AA44-FABB3571F045}.Release|x86.Build.0 = Release|Any CPU
		{B9A43482-4B0F-4A37-8C28-7BCB31707DC8}.Debug|Any CPU.ActiveCfg = Debug|Any CPU
		{B9A43482-4B0F-4A37-8C28-7BCB31707DC8}.Debug|Any CPU.Build.0 = Debug|Any CPU
		{B9A43482-4B0F-4A37-8C28-7BCB31707DC8}.Debug|x64.ActiveCfg = Debug|Any CPU
		{B9A43482-4B0F-4A37-8C28-7BCB31707DC8}.Debug|x64.Build.0 = Debug|Any CPU
		{B9A43482-4B0F-4A37-8C28-7BCB31707DC8}.Debug|x86.ActiveCfg = Debug|Any CPU
		{B9A43482-4B0F-4A37-8C28-7BCB31707DC8}.Debug|x86.Build.0 = Debug|Any CPU
		{B9A43482-4B0F-4A37-8C28-7BCB31707DC8}.Release|Any CPU.ActiveCfg = Release|Any CPU
		{B9A43482-4B0F-4A37-8C28-7BCB31707DC8}.Release|Any CPU.Build.0 = Release|Any CPU
		{B9A43482-4B0F-4A37-8C28-7BCB31707DC8}.Release|x64.ActiveCfg = Release|Any CPU
		{B9A43482-4B0F-4A37-8C28-7BCB31707DC8}.Release|x64.Build.0 = Release|Any CPU
		{B9A43482-4B0F-4A37-8C28-7BCB31707DC8}.Release|x86.ActiveCfg = Release|Any CPU
		{B9A43482-4B0F-4A37-8C28-7BCB31707DC8}.Release|x86.Build.0 = Release|Any CPU
		{4291B17E-46DF-411E-A752-723EEEE8E86C}.Debug|Any CPU.ActiveCfg = Debug|Any CPU
		{4291B17E-46DF-411E-A752-723EEEE8E86C}.Debug|Any CPU.Build.0 = Debug|Any CPU
		{4291B17E-46DF-411E-A752-723EEEE8E86C}.Debug|x64.ActiveCfg = Debug|Any CPU
		{4291B17E-46DF-411E-A752-723EEEE8E86C}.Debug|x64.Build.0 = Debug|Any CPU
		{4291B17E-46DF-411E-A752-723EEEE8E86C}.Debug|x86.ActiveCfg = Debug|Any CPU
		{4291B17E-46DF-411E-A752-723EEEE8E86C}.Debug|x86.Build.0 = Debug|Any CPU
		{4291B17E-46DF-411E-A752-723EEEE8E86C}.Release|Any CPU.ActiveCfg = Release|Any CPU
		{4291B17E-46DF-411E-A752-723EEEE8E86C}.Release|Any CPU.Build.0 = Release|Any CPU
		{4291B17E-46DF-411E-A752-723EEEE8E86C}.Release|x64.ActiveCfg = Release|Any CPU
		{4291B17E-46DF-411E-A752-723EEEE8E86C}.Release|x64.Build.0 = Release|Any CPU
		{4291B17E-46DF-411E-A752-723EEEE8E86C}.Release|x86.ActiveCfg = Release|Any CPU
		{4291B17E-46DF-411E-A752-723EEEE8E86C}.Release|x86.Build.0 = Release|Any CPU
		{46318B4A-F3FD-4433-A641-23CB0ED3EF5F}.Debug|Any CPU.ActiveCfg = Debug|Any CPU
		{46318B4A-F3FD-4433-A641-23CB0ED3EF5F}.Debug|Any CPU.Build.0 = Debug|Any CPU
		{46318B4A-F3FD-4433-A641-23CB0ED3EF5F}.Debug|x64.ActiveCfg = Debug|Any CPU
		{46318B4A-F3FD-4433-A641-23CB0ED3EF5F}.Debug|x64.Build.0 = Debug|Any CPU
		{46318B4A-F3FD-4433-A641-23CB0ED3EF5F}.Debug|x86.ActiveCfg = Debug|Any CPU
		{46318B4A-F3FD-4433-A641-23CB0ED3EF5F}.Debug|x86.Build.0 = Debug|Any CPU
		{46318B4A-F3FD-4433-A641-23CB0ED3EF5F}.Release|Any CPU.ActiveCfg = Release|Any CPU
		{46318B4A-F3FD-4433-A641-23CB0ED3EF5F}.Release|Any CPU.Build.0 = Release|Any CPU
		{46318B4A-F3FD-4433-A641-23CB0ED3EF5F}.Release|x64.ActiveCfg = Release|Any CPU
		{46318B4A-F3FD-4433-A641-23CB0ED3EF5F}.Release|x64.Build.0 = Release|Any CPU
		{46318B4A-F3FD-4433-A641-23CB0ED3EF5F}.Release|x86.ActiveCfg = Release|Any CPU
		{46318B4A-F3FD-4433-A641-23CB0ED3EF5F}.Release|x86.Build.0 = Release|Any CPU
		{C90CD5DF-4E2E-4CF6-8206-CCF0E831AB77}.Debug|Any CPU.ActiveCfg = Debug|Any CPU
		{C90CD5DF-4E2E-4CF6-8206-CCF0E831AB77}.Debug|Any CPU.Build.0 = Debug|Any CPU
		{C90CD5DF-4E2E-4CF6-8206-CCF0E831AB77}.Debug|x64.ActiveCfg = Debug|Any CPU
		{C90CD5DF-4E2E-4CF6-8206-CCF0E831AB77}.Debug|x64.Build.0 = Debug|Any CPU
		{C90CD5DF-4E2E-4CF6-8206-CCF0E831AB77}.Debug|x86.ActiveCfg = Debug|Any CPU
		{C90CD5DF-4E2E-4CF6-8206-CCF0E831AB77}.Debug|x86.Build.0 = Debug|Any CPU
		{C90CD5DF-4E2E-4CF6-8206-CCF0E831AB77}.Release|Any CPU.ActiveCfg = Release|Any CPU
		{C90CD5DF-4E2E-4CF6-8206-CCF0E831AB77}.Release|Any CPU.Build.0 = Release|Any CPU
		{C90CD5DF-4E2E-4CF6-8206-CCF0E831AB77}.Release|x64.ActiveCfg = Release|Any CPU
		{C90CD5DF-4E2E-4CF6-8206-CCF0E831AB77}.Release|x64.Build.0 = Release|Any CPU
		{C90CD5DF-4E2E-4CF6-8206-CCF0E831AB77}.Release|x86.ActiveCfg = Release|Any CPU
		{C90CD5DF-4E2E-4CF6-8206-CCF0E831AB77}.Release|x86.Build.0 = Release|Any CPU
		{B13CE5AB-E69C-4B90-983C-E8C3587B66BA}.Debug|Any CPU.ActiveCfg = Debug|Any CPU
		{B13CE5AB-E69C-4B90-983C-E8C3587B66BA}.Debug|Any CPU.Build.0 = Debug|Any CPU
		{B13CE5AB-E69C-4B90-983C-E8C3587B66BA}.Debug|x64.ActiveCfg = Debug|Any CPU
		{B13CE5AB-E69C-4B90-983C-E8C3587B66BA}.Debug|x64.Build.0 = Debug|Any CPU
		{B13CE5AB-E69C-4B90-983C-E8C3587B66BA}.Debug|x86.ActiveCfg = Debug|Any CPU
		{B13CE5AB-E69C-4B90-983C-E8C3587B66BA}.Debug|x86.Build.0 = Debug|Any CPU
		{B13CE5AB-E69C-4B90-983C-E8C3587B66BA}.Release|Any CPU.ActiveCfg = Release|Any CPU
		{B13CE5AB-E69C-4B90-983C-E8C3587B66BA}.Release|Any CPU.Build.0 = Release|Any CPU
		{B13CE5AB-E69C-4B90-983C-E8C3587B66BA}.Release|x64.ActiveCfg = Release|Any CPU
		{B13CE5AB-E69C-4B90-983C-E8C3587B66BA}.Release|x64.Build.0 = Release|Any CPU
		{B13CE5AB-E69C-4B90-983C-E8C3587B66BA}.Release|x86.ActiveCfg = Release|Any CPU
		{B13CE5AB-E69C-4B90-983C-E8C3587B66BA}.Release|x86.Build.0 = Release|Any CPU
		{E9C34B9E-1F1F-4DCD-B50C-92B2715CDC8D}.Debug|Any CPU.ActiveCfg = Debug|Any CPU
		{E9C34B9E-1F1F-4DCD-B50C-92B2715CDC8D}.Debug|Any CPU.Build.0 = Debug|Any CPU
		{E9C34B9E-1F1F-4DCD-B50C-92B2715CDC8D}.Debug|x64.ActiveCfg = Debug|Any CPU
		{E9C34B9E-1F1F-4DCD-B50C-92B2715CDC8D}.Debug|x64.Build.0 = Debug|Any CPU
		{E9C34B9E-1F1F-4DCD-B50C-92B2715CDC8D}.Debug|x86.ActiveCfg = Debug|Any CPU
		{E9C34B9E-1F1F-4DCD-B50C-92B2715CDC8D}.Debug|x86.Build.0 = Debug|Any CPU
		{E9C34B9E-1F1F-4DCD-B50C-92B2715CDC8D}.Release|Any CPU.ActiveCfg = Release|Any CPU
		{E9C34B9E-1F1F-4DCD-B50C-92B2715CDC8D}.Release|Any CPU.Build.0 = Release|Any CPU
		{E9C34B9E-1F1F-4DCD-B50C-92B2715CDC8D}.Release|x64.ActiveCfg = Release|Any CPU
		{E9C34B9E-1F1F-4DCD-B50C-92B2715CDC8D}.Release|x64.Build.0 = Release|Any CPU
		{E9C34B9E-1F1F-4DCD-B50C-92B2715CDC8D}.Release|x86.ActiveCfg = Release|Any CPU
		{E9C34B9E-1F1F-4DCD-B50C-92B2715CDC8D}.Release|x86.Build.0 = Release|Any CPU
		{26346EB3-CD2B-4AAA-AF58-99118A2E6D74}.Debug|Any CPU.ActiveCfg = Debug|Any CPU
		{26346EB3-CD2B-4AAA-AF58-99118A2E6D74}.Debug|Any CPU.Build.0 = Debug|Any CPU
		{26346EB3-CD2B-4AAA-AF58-99118A2E6D74}.Debug|x64.ActiveCfg = Debug|Any CPU
		{26346EB3-CD2B-4AAA-AF58-99118A2E6D74}.Debug|x64.Build.0 = Debug|Any CPU
		{26346EB3-CD2B-4AAA-AF58-99118A2E6D74}.Debug|x86.ActiveCfg = Debug|Any CPU
		{26346EB3-CD2B-4AAA-AF58-99118A2E6D74}.Debug|x86.Build.0 = Debug|Any CPU
		{26346EB3-CD2B-4AAA-AF58-99118A2E6D74}.Release|Any CPU.ActiveCfg = Release|Any CPU
		{26346EB3-CD2B-4AAA-AF58-99118A2E6D74}.Release|Any CPU.Build.0 = Release|Any CPU
		{26346EB3-CD2B-4AAA-AF58-99118A2E6D74}.Release|x64.ActiveCfg = Release|Any CPU
		{26346EB3-CD2B-4AAA-AF58-99118A2E6D74}.Release|x64.Build.0 = Release|Any CPU
		{26346EB3-CD2B-4AAA-AF58-99118A2E6D74}.Release|x86.ActiveCfg = Release|Any CPU
		{26346EB3-CD2B-4AAA-AF58-99118A2E6D74}.Release|x86.Build.0 = Release|Any CPU
		{0F6BD189-ED33-45CC-96F8-0DF6B1037CC3}.Debug|Any CPU.ActiveCfg = Debug|Any CPU
		{0F6BD189-ED33-45CC-96F8-0DF6B1037CC3}.Debug|Any CPU.Build.0 = Debug|Any CPU
		{0F6BD189-ED33-45CC-96F8-0DF6B1037CC3}.Debug|x64.ActiveCfg = Debug|Any CPU
		{0F6BD189-ED33-45CC-96F8-0DF6B1037CC3}.Debug|x64.Build.0 = Debug|Any CPU
		{0F6BD189-ED33-45CC-96F8-0DF6B1037CC3}.Debug|x86.ActiveCfg = Debug|Any CPU
		{0F6BD189-ED33-45CC-96F8-0DF6B1037CC3}.Debug|x86.Build.0 = Debug|Any CPU
		{0F6BD189-ED33-45CC-96F8-0DF6B1037CC3}.Release|Any CPU.ActiveCfg = Release|Any CPU
		{0F6BD189-ED33-45CC-96F8-0DF6B1037CC3}.Release|Any CPU.Build.0 = Release|Any CPU
		{0F6BD189-ED33-45CC-96F8-0DF6B1037CC3}.Release|x64.ActiveCfg = Release|Any CPU
		{0F6BD189-ED33-45CC-96F8-0DF6B1037CC3}.Release|x64.Build.0 = Release|Any CPU
		{0F6BD189-ED33-45CC-96F8-0DF6B1037CC3}.Release|x86.ActiveCfg = Release|Any CPU
		{0F6BD189-ED33-45CC-96F8-0DF6B1037CC3}.Release|x86.Build.0 = Release|Any CPU
		{B0536720-641B-4CEC-800A-2708F61DD76D}.Debug|Any CPU.ActiveCfg = Debug|Any CPU
		{B0536720-641B-4CEC-800A-2708F61DD76D}.Debug|Any CPU.Build.0 = Debug|Any CPU
		{B0536720-641B-4CEC-800A-2708F61DD76D}.Debug|x64.ActiveCfg = Debug|Any CPU
		{B0536720-641B-4CEC-800A-2708F61DD76D}.Debug|x64.Build.0 = Debug|Any CPU
		{B0536720-641B-4CEC-800A-2708F61DD76D}.Debug|x86.ActiveCfg = Debug|Any CPU
		{B0536720-641B-4CEC-800A-2708F61DD76D}.Debug|x86.Build.0 = Debug|Any CPU
		{B0536720-641B-4CEC-800A-2708F61DD76D}.Release|Any CPU.ActiveCfg = Release|Any CPU
		{B0536720-641B-4CEC-800A-2708F61DD76D}.Release|Any CPU.Build.0 = Release|Any CPU
		{B0536720-641B-4CEC-800A-2708F61DD76D}.Release|x64.ActiveCfg = Release|Any CPU
		{B0536720-641B-4CEC-800A-2708F61DD76D}.Release|x64.Build.0 = Release|Any CPU
		{B0536720-641B-4CEC-800A-2708F61DD76D}.Release|x86.ActiveCfg = Release|Any CPU
		{B0536720-641B-4CEC-800A-2708F61DD76D}.Release|x86.Build.0 = Release|Any CPU
		{2ABF48A9-BD5D-4C44-AB0D-D6F2E3B55FFE}.Debug|Any CPU.ActiveCfg = Debug|Any CPU
		{2ABF48A9-BD5D-4C44-AB0D-D6F2E3B55FFE}.Debug|Any CPU.Build.0 = Debug|Any CPU
		{2ABF48A9-BD5D-4C44-AB0D-D6F2E3B55FFE}.Debug|x64.ActiveCfg = Debug|Any CPU
		{2ABF48A9-BD5D-4C44-AB0D-D6F2E3B55FFE}.Debug|x64.Build.0 = Debug|Any CPU
		{2ABF48A9-BD5D-4C44-AB0D-D6F2E3B55FFE}.Debug|x86.ActiveCfg = Debug|Any CPU
		{2ABF48A9-BD5D-4C44-AB0D-D6F2E3B55FFE}.Debug|x86.Build.0 = Debug|Any CPU
		{2ABF48A9-BD5D-4C44-AB0D-D6F2E3B55FFE}.Release|Any CPU.ActiveCfg = Release|Any CPU
		{2ABF48A9-BD5D-4C44-AB0D-D6F2E3B55FFE}.Release|Any CPU.Build.0 = Release|Any CPU
		{2ABF48A9-BD5D-4C44-AB0D-D6F2E3B55FFE}.Release|x64.ActiveCfg = Release|Any CPU
		{2ABF48A9-BD5D-4C44-AB0D-D6F2E3B55FFE}.Release|x64.Build.0 = Release|Any CPU
		{2ABF48A9-BD5D-4C44-AB0D-D6F2E3B55FFE}.Release|x86.ActiveCfg = Release|Any CPU
		{2ABF48A9-BD5D-4C44-AB0D-D6F2E3B55FFE}.Release|x86.Build.0 = Release|Any CPU
		{CB689F6B-C7E4-4504-BC68-A96F2A2C59FC}.Debug|Any CPU.ActiveCfg = Debug|Any CPU
		{CB689F6B-C7E4-4504-BC68-A96F2A2C59FC}.Debug|Any CPU.Build.0 = Debug|Any CPU
		{CB689F6B-C7E4-4504-BC68-A96F2A2C59FC}.Debug|x64.ActiveCfg = Debug|Any CPU
		{CB689F6B-C7E4-4504-BC68-A96F2A2C59FC}.Debug|x64.Build.0 = Debug|Any CPU
		{CB689F6B-C7E4-4504-BC68-A96F2A2C59FC}.Debug|x86.ActiveCfg = Debug|Any CPU
		{CB689F6B-C7E4-4504-BC68-A96F2A2C59FC}.Debug|x86.Build.0 = Debug|Any CPU
		{CB689F6B-C7E4-4504-BC68-A96F2A2C59FC}.Release|Any CPU.ActiveCfg = Release|Any CPU
		{CB689F6B-C7E4-4504-BC68-A96F2A2C59FC}.Release|Any CPU.Build.0 = Release|Any CPU
		{CB689F6B-C7E4-4504-BC68-A96F2A2C59FC}.Release|x64.ActiveCfg = Release|Any CPU
		{CB689F6B-C7E4-4504-BC68-A96F2A2C59FC}.Release|x64.Build.0 = Release|Any CPU
		{CB689F6B-C7E4-4504-BC68-A96F2A2C59FC}.Release|x86.ActiveCfg = Release|Any CPU
		{CB689F6B-C7E4-4504-BC68-A96F2A2C59FC}.Release|x86.Build.0 = Release|Any CPU
		{9834BAFF-9F8D-4C30-9E0D-DF7367DEE748}.Debug|Any CPU.ActiveCfg = Debug|Any CPU
		{9834BAFF-9F8D-4C30-9E0D-DF7367DEE748}.Debug|Any CPU.Build.0 = Debug|Any CPU
		{9834BAFF-9F8D-4C30-9E0D-DF7367DEE748}.Debug|x64.ActiveCfg = Debug|Any CPU
		{9834BAFF-9F8D-4C30-9E0D-DF7367DEE748}.Debug|x64.Build.0 = Debug|Any CPU
		{9834BAFF-9F8D-4C30-9E0D-DF7367DEE748}.Debug|x86.ActiveCfg = Debug|Any CPU
		{9834BAFF-9F8D-4C30-9E0D-DF7367DEE748}.Debug|x86.Build.0 = Debug|Any CPU
		{9834BAFF-9F8D-4C30-9E0D-DF7367DEE748}.Release|Any CPU.ActiveCfg = Release|Any CPU
		{9834BAFF-9F8D-4C30-9E0D-DF7367DEE748}.Release|Any CPU.Build.0 = Release|Any CPU
		{9834BAFF-9F8D-4C30-9E0D-DF7367DEE748}.Release|x64.ActiveCfg = Release|Any CPU
		{9834BAFF-9F8D-4C30-9E0D-DF7367DEE748}.Release|x64.Build.0 = Release|Any CPU
		{9834BAFF-9F8D-4C30-9E0D-DF7367DEE748}.Release|x86.ActiveCfg = Release|Any CPU
		{9834BAFF-9F8D-4C30-9E0D-DF7367DEE748}.Release|x86.Build.0 = Release|Any CPU
		{1852FE27-7DBA-42D5-9D0D-4EEC7033B5D1}.Debug|Any CPU.ActiveCfg = Debug|Any CPU
		{1852FE27-7DBA-42D5-9D0D-4EEC7033B5D1}.Debug|Any CPU.Build.0 = Debug|Any CPU
		{1852FE27-7DBA-42D5-9D0D-4EEC7033B5D1}.Debug|x64.ActiveCfg = Debug|Any CPU
		{1852FE27-7DBA-42D5-9D0D-4EEC7033B5D1}.Debug|x64.Build.0 = Debug|Any CPU
		{1852FE27-7DBA-42D5-9D0D-4EEC7033B5D1}.Debug|x86.ActiveCfg = Debug|Any CPU
		{1852FE27-7DBA-42D5-9D0D-4EEC7033B5D1}.Debug|x86.Build.0 = Debug|Any CPU
		{1852FE27-7DBA-42D5-9D0D-4EEC7033B5D1}.Release|Any CPU.ActiveCfg = Release|Any CPU
		{1852FE27-7DBA-42D5-9D0D-4EEC7033B5D1}.Release|Any CPU.Build.0 = Release|Any CPU
		{1852FE27-7DBA-42D5-9D0D-4EEC7033B5D1}.Release|x64.ActiveCfg = Release|Any CPU
		{1852FE27-7DBA-42D5-9D0D-4EEC7033B5D1}.Release|x64.Build.0 = Release|Any CPU
		{1852FE27-7DBA-42D5-9D0D-4EEC7033B5D1}.Release|x86.ActiveCfg = Release|Any CPU
		{1852FE27-7DBA-42D5-9D0D-4EEC7033B5D1}.Release|x86.Build.0 = Release|Any CPU
		{CE954774-6743-44AA-9921-A4A7D537B937}.Debug|Any CPU.ActiveCfg = Debug|Any CPU
		{CE954774-6743-44AA-9921-A4A7D537B937}.Debug|Any CPU.Build.0 = Debug|Any CPU
		{CE954774-6743-44AA-9921-A4A7D537B937}.Debug|x64.ActiveCfg = Debug|Any CPU
		{CE954774-6743-44AA-9921-A4A7D537B937}.Debug|x64.Build.0 = Debug|Any CPU
		{CE954774-6743-44AA-9921-A4A7D537B937}.Debug|x86.ActiveCfg = Debug|Any CPU
		{CE954774-6743-44AA-9921-A4A7D537B937}.Debug|x86.Build.0 = Debug|Any CPU
		{CE954774-6743-44AA-9921-A4A7D537B937}.Release|Any CPU.ActiveCfg = Release|Any CPU
		{CE954774-6743-44AA-9921-A4A7D537B937}.Release|Any CPU.Build.0 = Release|Any CPU
		{CE954774-6743-44AA-9921-A4A7D537B937}.Release|x64.ActiveCfg = Release|Any CPU
		{CE954774-6743-44AA-9921-A4A7D537B937}.Release|x64.Build.0 = Release|Any CPU
		{CE954774-6743-44AA-9921-A4A7D537B937}.Release|x86.ActiveCfg = Release|Any CPU
		{CE954774-6743-44AA-9921-A4A7D537B937}.Release|x86.Build.0 = Release|Any CPU
		{00D1229D-CA73-49A6-AA12-7382D2242E85}.Debug|Any CPU.ActiveCfg = Debug|Any CPU
		{00D1229D-CA73-49A6-AA12-7382D2242E85}.Debug|Any CPU.Build.0 = Debug|Any CPU
		{00D1229D-CA73-49A6-AA12-7382D2242E85}.Debug|x64.ActiveCfg = Debug|Any CPU
		{00D1229D-CA73-49A6-AA12-7382D2242E85}.Debug|x64.Build.0 = Debug|Any CPU
		{00D1229D-CA73-49A6-AA12-7382D2242E85}.Debug|x86.ActiveCfg = Debug|Any CPU
		{00D1229D-CA73-49A6-AA12-7382D2242E85}.Debug|x86.Build.0 = Debug|Any CPU
		{00D1229D-CA73-49A6-AA12-7382D2242E85}.Release|Any CPU.ActiveCfg = Release|Any CPU
		{00D1229D-CA73-49A6-AA12-7382D2242E85}.Release|Any CPU.Build.0 = Release|Any CPU
		{00D1229D-CA73-49A6-AA12-7382D2242E85}.Release|x64.ActiveCfg = Release|Any CPU
		{00D1229D-CA73-49A6-AA12-7382D2242E85}.Release|x64.Build.0 = Release|Any CPU
		{00D1229D-CA73-49A6-AA12-7382D2242E85}.Release|x86.ActiveCfg = Release|Any CPU
		{00D1229D-CA73-49A6-AA12-7382D2242E85}.Release|x86.Build.0 = Release|Any CPU
		{B78F0EE6-F9A3-4B7B-BB59-62E41EF59743}.Debug|Any CPU.ActiveCfg = Debug|Any CPU
		{B78F0EE6-F9A3-4B7B-BB59-62E41EF59743}.Debug|Any CPU.Build.0 = Debug|Any CPU
		{B78F0EE6-F9A3-4B7B-BB59-62E41EF59743}.Debug|x64.ActiveCfg = Debug|Any CPU
		{B78F0EE6-F9A3-4B7B-BB59-62E41EF59743}.Debug|x64.Build.0 = Debug|Any CPU
		{B78F0EE6-F9A3-4B7B-BB59-62E41EF59743}.Debug|x86.ActiveCfg = Debug|Any CPU
		{B78F0EE6-F9A3-4B7B-BB59-62E41EF59743}.Debug|x86.Build.0 = Debug|Any CPU
		{B78F0EE6-F9A3-4B7B-BB59-62E41EF59743}.Release|Any CPU.ActiveCfg = Release|Any CPU
		{B78F0EE6-F9A3-4B7B-BB59-62E41EF59743}.Release|Any CPU.Build.0 = Release|Any CPU
		{B78F0EE6-F9A3-4B7B-BB59-62E41EF59743}.Release|x64.ActiveCfg = Release|Any CPU
		{B78F0EE6-F9A3-4B7B-BB59-62E41EF59743}.Release|x64.Build.0 = Release|Any CPU
		{B78F0EE6-F9A3-4B7B-BB59-62E41EF59743}.Release|x86.ActiveCfg = Release|Any CPU
		{B78F0EE6-F9A3-4B7B-BB59-62E41EF59743}.Release|x86.Build.0 = Release|Any CPU
		{CC5F189D-3CD9-4172-B183-65C23D5C9748}.Debug|Any CPU.ActiveCfg = Debug|Any CPU
		{CC5F189D-3CD9-4172-B183-65C23D5C9748}.Debug|Any CPU.Build.0 = Debug|Any CPU
		{CC5F189D-3CD9-4172-B183-65C23D5C9748}.Debug|x64.ActiveCfg = Debug|Any CPU
		{CC5F189D-3CD9-4172-B183-65C23D5C9748}.Debug|x64.Build.0 = Debug|Any CPU
		{CC5F189D-3CD9-4172-B183-65C23D5C9748}.Debug|x86.ActiveCfg = Debug|Any CPU
		{CC5F189D-3CD9-4172-B183-65C23D5C9748}.Debug|x86.Build.0 = Debug|Any CPU
		{CC5F189D-3CD9-4172-B183-65C23D5C9748}.Release|Any CPU.ActiveCfg = Release|Any CPU
		{CC5F189D-3CD9-4172-B183-65C23D5C9748}.Release|Any CPU.Build.0 = Release|Any CPU
		{CC5F189D-3CD9-4172-B183-65C23D5C9748}.Release|x64.ActiveCfg = Release|Any CPU
		{CC5F189D-3CD9-4172-B183-65C23D5C9748}.Release|x64.Build.0 = Release|Any CPU
		{CC5F189D-3CD9-4172-B183-65C23D5C9748}.Release|x86.ActiveCfg = Release|Any CPU
		{CC5F189D-3CD9-4172-B183-65C23D5C9748}.Release|x86.Build.0 = Release|Any CPU
		{E2983499-D568-4F6F-B425-508863F9DDCB}.Debug|Any CPU.ActiveCfg = Debug|Any CPU
		{E2983499-D568-4F6F-B425-508863F9DDCB}.Debug|Any CPU.Build.0 = Debug|Any CPU
		{E2983499-D568-4F6F-B425-508863F9DDCB}.Debug|x64.ActiveCfg = Debug|Any CPU
		{E2983499-D568-4F6F-B425-508863F9DDCB}.Debug|x64.Build.0 = Debug|Any CPU
		{E2983499-D568-4F6F-B425-508863F9DDCB}.Debug|x86.ActiveCfg = Debug|Any CPU
		{E2983499-D568-4F6F-B425-508863F9DDCB}.Debug|x86.Build.0 = Debug|Any CPU
		{E2983499-D568-4F6F-B425-508863F9DDCB}.Release|Any CPU.ActiveCfg = Release|Any CPU
		{E2983499-D568-4F6F-B425-508863F9DDCB}.Release|Any CPU.Build.0 = Release|Any CPU
		{E2983499-D568-4F6F-B425-508863F9DDCB}.Release|x64.ActiveCfg = Release|Any CPU
		{E2983499-D568-4F6F-B425-508863F9DDCB}.Release|x64.Build.0 = Release|Any CPU
		{E2983499-D568-4F6F-B425-508863F9DDCB}.Release|x86.ActiveCfg = Release|Any CPU
		{E2983499-D568-4F6F-B425-508863F9DDCB}.Release|x86.Build.0 = Release|Any CPU
	EndGlobalSection
	GlobalSection(SolutionProperties) = preSolution
		HideSolutionNode = FALSE
	EndGlobalSection
	GlobalSection(NestedProjects) = preSolution
		{0CB8753E-D37C-461A-A19A-DEC638AF689A} = {9EF373CE-B4E4-4D81-AED4-2A2B9072E6D4}
		{CCA16190-763E-47AF-BAFC-7D5C84DD875F} = {E5B89B71-CAA2-47A0-94C1-40BA00A537E0}
		{7CB9B6CE-5299-4ECD-8F20-423E00FFA3EF} = {E5B89B71-CAA2-47A0-94C1-40BA00A537E0}
		{C9986558-8C9B-4F8E-8CFE-B5E90E638AC7} = {E5B89B71-CAA2-47A0-94C1-40BA00A537E0}
		{61A11FF1-3C50-4001-8AD9-1149A52D6541} = {4A01052D-0F57-4DF5-B985-CD1C7CC89D75}
		{BCE803E5-C79D-4FD8-94CF-D44C598596F4} = {4A01052D-0F57-4DF5-B985-CD1C7CC89D75}
		{87D88E5D-8A1D-46FB-B65F-312591AC0BE0} = {4A01052D-0F57-4DF5-B985-CD1C7CC89D75}
		{B8E8BDC3-DAE8-4A17-9527-CD6BA48F8BFD} = {4A01052D-0F57-4DF5-B985-CD1C7CC89D75}
		{E9BA655D-2437-45C1-A797-86C76F7AC746} = {4A01052D-0F57-4DF5-B985-CD1C7CC89D75}
		{98431DF3-285B-4E4C-B198-DA7DA9A6C4B3} = {C9986558-8C9B-4F8E-8CFE-B5E90E638AC7}
		{823E884B-ADA1-48B9-88FF-B3FD57D82E01} = {C9986558-8C9B-4F8E-8CFE-B5E90E638AC7}
		{5BABB4A5-63DA-4DBF-8813-4F15E9CE782D} = {C9986558-8C9B-4F8E-8CFE-B5E90E638AC7}
		{80F9F28A-AD01-46F1-845B-80716EE04932} = {7CB9B6CE-5299-4ECD-8F20-423E00FFA3EF}
		{6E9A9ABE-5398-4275-85E9-DC6BF554CAB4} = {7CB9B6CE-5299-4ECD-8F20-423E00FFA3EF}
		{A06577B2-E6A2-438E-AF33-75C7F7B874F1} = {CCA16190-763E-47AF-BAFC-7D5C84DD875F}
		{61A382BB-7719-4F58-8764-C51A5374954B} = {CCA16190-763E-47AF-BAFC-7D5C84DD875F}
		{2D66D2E1-03ED-40CE-AA44-FABB3571F045} = {CCA16190-763E-47AF-BAFC-7D5C84DD875F}
		{B9A43482-4B0F-4A37-8C28-7BCB31707DC8} = {7CB9B6CE-5299-4ECD-8F20-423E00FFA3EF}
		{4291B17E-46DF-411E-A752-723EEEE8E86C} = {CCA16190-763E-47AF-BAFC-7D5C84DD875F}
		{46318B4A-F3FD-4433-A641-23CB0ED3EF5F} = {488583FE-09BC-45E9-A530-355BA214ECB1}
		{DD0A55CC-B80F-4199-879D-5E88ECE8A2AE} = {9EF373CE-B4E4-4D81-AED4-2A2B9072E6D4}
		{C90CD5DF-4E2E-4CF6-8206-CCF0E831AB77} = {DD0A55CC-B80F-4199-879D-5E88ECE8A2AE}
		{B13CE5AB-E69C-4B90-983C-E8C3587B66BA} = {DD0A55CC-B80F-4199-879D-5E88ECE8A2AE}
		{E5B89B71-CAA2-47A0-94C1-40BA00A537E0} = {9EF373CE-B4E4-4D81-AED4-2A2B9072E6D4}
		{E9C34B9E-1F1F-4DCD-B50C-92B2715CDC8D} = {C9986558-8C9B-4F8E-8CFE-B5E90E638AC7}
		{26346EB3-CD2B-4AAA-AF58-99118A2E6D74} = {D031526B-63C3-4DF7-986B-AD80AE0B2891}
		{0F6BD189-ED33-45CC-96F8-0DF6B1037CC3} = {D031526B-63C3-4DF7-986B-AD80AE0B2891}
		{B0536720-641B-4CEC-800A-2708F61DD76D} = {D031526B-63C3-4DF7-986B-AD80AE0B2891}
		{2ABF48A9-BD5D-4C44-AB0D-D6F2E3B55FFE} = {D031526B-63C3-4DF7-986B-AD80AE0B2891}
		{CB689F6B-C7E4-4504-BC68-A96F2A2C59FC} = {E9BA655D-2437-45C1-A797-86C76F7AC746}
		{9834BAFF-9F8D-4C30-9E0D-DF7367DEE748} = {BCE803E5-C79D-4FD8-94CF-D44C598596F4}
		{1852FE27-7DBA-42D5-9D0D-4EEC7033B5D1} = {61A11FF1-3C50-4001-8AD9-1149A52D6541}
		{CE954774-6743-44AA-9921-A4A7D537B937} = {D031526B-63C3-4DF7-986B-AD80AE0B2891}
		{488583FE-09BC-45E9-A530-355BA214ECB1} = {0CB8753E-D37C-461A-A19A-DEC638AF689A}
		{00D1229D-CA73-49A6-AA12-7382D2242E85} = {488583FE-09BC-45E9-A530-355BA214ECB1}
		{B78F0EE6-F9A3-4B7B-BB59-62E41EF59743} = {87D88E5D-8A1D-46FB-B65F-312591AC0BE0}
		{CC5F189D-3CD9-4172-B183-65C23D5C9748} = {B8E8BDC3-DAE8-4A17-9527-CD6BA48F8BFD}
		{E2983499-D568-4F6F-B425-508863F9DDCB} = {C9986558-8C9B-4F8E-8CFE-B5E90E638AC7}
	EndGlobalSection
	GlobalSection(ExtensibilityGlobals) = postSolution
		SolutionGuid = {98D799A2-6F36-47AA-B02C-945B5201AB2C}
	EndGlobalSection
EndGlobal
